// !$*UTF8*$!
{
	archiveVersion = 1;
	classes = {
	};
	objectVersion = 48;
	objects = {

/* Begin PBXBuildFile section */
		2823B2E91FB6A0F5009E9488 /* AppDelegate.m in Sources */ = {isa = PBXBuildFile; fileRef = 2823B2E81FB6A0F5009E9488 /* AppDelegate.m */; };
		2823B2EC1FB6A0F5009E9488 /* ViewController.m in Sources */ = {isa = PBXBuildFile; fileRef = 2823B2EB1FB6A0F5009E9488 /* ViewController.m */; };
		2823B2EF1FB6A0F5009E9488 /* Main.storyboard in Resources */ = {isa = PBXBuildFile; fileRef = 2823B2ED1FB6A0F5009E9488 /* Main.storyboard */; };
		2823B2F11FB6A0F5009E9488 /* Assets.xcassets in Resources */ = {isa = PBXBuildFile; fileRef = 2823B2F01FB6A0F5009E9488 /* Assets.xcassets */; };
		2823B2F41FB6A0F5009E9488 /* LaunchScreen.storyboard in Resources */ = {isa = PBXBuildFile; fileRef = 2823B2F21FB6A0F5009E9488 /* LaunchScreen.storyboard */; };
		2823B2F71FB6A0F5009E9488 /* main.m in Sources */ = {isa = PBXBuildFile; fileRef = 2823B2F61FB6A0F5009E9488 /* main.m */; };
		2823B3011FB6A0F6009E9488 /* UIViewControllerTests.m in Sources */ = {isa = PBXBuildFile; fileRef = 2823B3001FB6A0F6009E9488 /* UIViewControllerTests.m */; };
		2823B30C1FB6A0F6009E9488 /* UIViewControllerUITests.m in Sources */ = {isa = PBXBuildFile; fileRef = 2823B30B1FB6A0F6009E9488 /* UIViewControllerUITests.m */; };
/* End PBXBuildFile section */

/* Begin PBXContainerItemProxy section */
		2823B2FD1FB6A0F6009E9488 /* PBXContainerItemProxy */ = {
			isa = PBXContainerItemProxy;
			containerPortal = 2823B2DC1FB6A0F5009E9488 /* Project object */;
			proxyType = 1;
			remoteGlobalIDString = 2823B2E31FB6A0F5009E9488;
			remoteInfo = UIViewController;
		};
		2823B3081FB6A0F6009E9488 /* PBXContainerItemProxy */ = {
			isa = PBXContainerItemProxy;
			containerPortal = 2823B2DC1FB6A0F5009E9488 /* Project object */;
			proxyType = 1;
			remoteGlobalIDString = 2823B2E31FB6A0F5009E9488;
			remoteInfo = UIViewController;
		};
/* End PBXContainerItemProxy section */

/* Begin PBXFileReference section */
		2823B2E41FB6A0F5009E9488 /* UIViewController.app */ = {isa = PBXFileReference; explicitFileType = wrapper.application; includeInIndex = 0; path = UIViewController.app; sourceTree = BUILT_PRODUCTS_DIR; };
		2823B2E71FB6A0F5009E9488 /* AppDelegate.h */ = {isa = PBXFileReference; lastKnownFileType = sourcecode.c.h; path = AppDelegate.h; sourceTree = "<group>"; };
		2823B2E81FB6A0F5009E9488 /* AppDelegate.m */ = {isa = PBXFileReference; lastKnownFileType = sourcecode.c.objc; path = AppDelegate.m; sourceTree = "<group>"; };
		2823B2EA1FB6A0F5009E9488 /* ViewController.h */ = {isa = PBXFileReference; lastKnownFileType = sourcecode.c.h; path = ViewController.h; sourceTree = "<group>"; };
		2823B2EB1FB6A0F5009E9488 /* ViewController.m */ = {isa = PBXFileReference; lastKnownFileType = sourcecode.c.objc; path = ViewController.m; sourceTree = "<group>"; };
		2823B2EE1FB6A0F5009E9488 /* Base */ = {isa = PBXFileReference; lastKnownFileType = file.storyboard; name = Base; path = Base.lproj/Main.storyboard; sourceTree = "<group>"; };
		2823B2F01FB6A0F5009E9488 /* Assets.xcassets */ = {isa = PBXFileReference; lastKnownFileType = folder.assetcatalog; path = Assets.xcassets; sourceTree = "<group>"; };
		2823B2F31FB6A0F5009E9488 /* Base */ = {isa = PBXFileReference; lastKnownFileType = file.storyboard; name = Base; path = Base.lproj/LaunchScreen.storyboard; sourceTree = "<group>"; };
		2823B2F51FB6A0F5009E9488 /* Info.plist */ = {isa = PBXFileReference; lastKnownFileType = text.plist.xml; path = Info.plist; sourceTree = "<group>"; };
		2823B2F61FB6A0F5009E9488 /* main.m */ = {isa = PBXFileReference; lastKnownFileType = sourcecode.c.objc; path = main.m; sourceTree = "<group>"; };
		2823B2FC1FB6A0F6009E9488 /* UIViewControllerTests.xctest */ = {isa = PBXFileReference; explicitFileType = wrapper.cfbundle; includeInIndex = 0; path = UIViewControllerTests.xctest; sourceTree = BUILT_PRODUCTS_DIR; };
		2823B3001FB6A0F6009E9488 /* UIViewControllerTests.m */ = {isa = PBXFileReference; lastKnownFileType = sourcecode.c.objc; path = UIViewControllerTests.m; sourceTree = "<group>"; };
		2823B3021FB6A0F6009E9488 /* Info.plist */ = {isa = PBXFileReference; lastKnownFileType = text.plist.xml; path = Info.plist; sourceTree = "<group>"; };
		2823B3071FB6A0F6009E9488 /* UIViewControllerUITests.xctest */ = {isa = PBXFileReference; explicitFileType = wrapper.cfbundle; includeInIndex = 0; path = UIViewControllerUITests.xctest; sourceTree = BUILT_PRODUCTS_DIR; };
		2823B30B1FB6A0F6009E9488 /* UIViewControllerUITests.m */ = {isa = PBXFileReference; lastKnownFileType = sourcecode.c.objc; path = UIViewControllerUITests.m; sourceTree = "<group>"; };
		2823B30D1FB6A0F6009E9488 /* Info.plist */ = {isa = PBXFileReference; lastKnownFileType = text.plist.xml; path = Info.plist; sourceTree = "<group>"; };
/* End PBXFileReference section */

/* Begin PBXFrameworksBuildPhase section */
		2823B2E11FB6A0F5009E9488 /* Frameworks */ = {
			isa = PBXFrameworksBuildPhase;
			buildActionMask = 2147483647;
			files = (
			);
			runOnlyForDeploymentPostprocessing = 0;
		};
		2823B2F91FB6A0F6009E9488 /* Frameworks */ = {
			isa = PBXFrameworksBuildPhase;
			buildActionMask = 2147483647;
			files = (
			);
			runOnlyForDeploymentPostprocessing = 0;
		};
		2823B3041FB6A0F6009E9488 /* Frameworks */ = {
			isa = PBXFrameworksBuildPhase;
			buildActionMask = 2147483647;
			files = (
			);
			runOnlyForDeploymentPostprocessing = 0;
		};
/* End PBXFrameworksBuildPhase section */

/* Begin PBXGroup section */
		2823B2DB1FB6A0F5009E9488 = {
			isa = PBXGroup;
			children = (
				2823B2E61FB6A0F5009E9488 /* UIViewController */,
				2823B2FF1FB6A0F6009E9488 /* UIViewControllerTests */,
				2823B30A1FB6A0F6009E9488 /* UIViewControllerUITests */,
				2823B2E51FB6A0F5009E9488 /* Products */,
			);
			sourceTree = "<group>";
		};
		2823B2E51FB6A0F5009E9488 /* Products */ = {
			isa = PBXGroup;
			children = (
				2823B2E41FB6A0F5009E9488 /* UIViewController.app */,
				2823B2FC1FB6A0F6009E9488 /* UIViewControllerTests.xctest */,
				2823B3071FB6A0F6009E9488 /* UIViewControllerUITests.xctest */,
			);
			name = Products;
			sourceTree = "<group>";
		};
		2823B2E61FB6A0F5009E9488 /* UIViewController */ = {
			isa = PBXGroup;
			children = (
				2823B2E71FB6A0F5009E9488 /* AppDelegate.h */,
				2823B2E81FB6A0F5009E9488 /* AppDelegate.m */,
				2823B2EA1FB6A0F5009E9488 /* ViewController.h */,
				2823B2EB1FB6A0F5009E9488 /* ViewController.m */,
				2823B2ED1FB6A0F5009E9488 /* Main.storyboard */,
				2823B2F01FB6A0F5009E9488 /* Assets.xcassets */,
				2823B2F21FB6A0F5009E9488 /* LaunchScreen.storyboard */,
				2823B2F51FB6A0F5009E9488 /* Info.plist */,
				2823B2F61FB6A0F5009E9488 /* main.m */,
			);
			path = UIViewController;
			sourceTree = "<group>";
		};
		2823B2FF1FB6A0F6009E9488 /* UIViewControllerTests */ = {
			isa = PBXGroup;
			children = (
				2823B3001FB6A0F6009E9488 /* UIViewControllerTests.m */,
				2823B3021FB6A0F6009E9488 /* Info.plist */,
			);
			path = UIViewControllerTests;
			sourceTree = "<group>";
		};
		2823B30A1FB6A0F6009E9488 /* UIViewControllerUITests */ = {
			isa = PBXGroup;
			children = (
				2823B30B1FB6A0F6009E9488 /* UIViewControllerUITests.m */,
				2823B30D1FB6A0F6009E9488 /* Info.plist */,
			);
			path = UIViewControllerUITests;
			sourceTree = "<group>";
		};
/* End PBXGroup section */

/* Begin PBXNativeTarget section */
		2823B2E31FB6A0F5009E9488 /* UIViewController */ = {
			isa = PBXNativeTarget;
			buildConfigurationList = 2823B3101FB6A0F6009E9488 /* Build configuration list for PBXNativeTarget "UIViewController" */;
			buildPhases = (
				2823B2E01FB6A0F5009E9488 /* Sources */,
				2823B2E11FB6A0F5009E9488 /* Frameworks */,
				2823B2E21FB6A0F5009E9488 /* Resources */,
			);
			buildRules = (
			);
			dependencies = (
			);
			name = UIViewController;
			productName = UIViewController;
			productReference = 2823B2E41FB6A0F5009E9488 /* UIViewController.app */;
			productType = "com.apple.product-type.application";
		};
		2823B2FB1FB6A0F6009E9488 /* UIViewControllerTests */ = {
			isa = PBXNativeTarget;
			buildConfigurationList = 2823B3131FB6A0F6009E9488 /* Build configuration list for PBXNativeTarget "UIViewControllerTests" */;
			buildPhases = (
				2823B2F81FB6A0F6009E9488 /* Sources */,
				2823B2F91FB6A0F6009E9488 /* Frameworks */,
				2823B2FA1FB6A0F6009E9488 /* Resources */,
			);
			buildRules = (
			);
			dependencies = (
				2823B2FE1FB6A0F6009E9488 /* PBXTargetDependency */,
			);
			name = UIViewControllerTests;
			productName = UIViewControllerTests;
			productReference = 2823B2FC1FB6A0F6009E9488 /* UIViewControllerTests.xctest */;
			productType = "com.apple.product-type.bundle.unit-test";
		};
		2823B3061FB6A0F6009E9488 /* UIViewControllerUITests */ = {
			isa = PBXNativeTarget;
			buildConfigurationList = 2823B3161FB6A0F6009E9488 /* Build configuration list for PBXNativeTarget "UIViewControllerUITests" */;
			buildPhases = (
				2823B3031FB6A0F6009E9488 /* Sources */,
				2823B3041FB6A0F6009E9488 /* Frameworks */,
				2823B3051FB6A0F6009E9488 /* Resources */,
			);
			buildRules = (
			);
			dependencies = (
				2823B3091FB6A0F6009E9488 /* PBXTargetDependency */,
			);
			name = UIViewControllerUITests;
			productName = UIViewControllerUITests;
			productReference = 2823B3071FB6A0F6009E9488 /* UIViewControllerUITests.xctest */;
			productType = "com.apple.product-type.bundle.ui-testing";
		};
/* End PBXNativeTarget section */

/* Begin PBXProject section */
		2823B2DC1FB6A0F5009E9488 /* Project object */ = {
			isa = PBXProject;
			attributes = {
				LastUpgradeCheck = 0910;
				ORGANIZATIONNAME = Hades;
				TargetAttributes = {
					2823B2E31FB6A0F5009E9488 = {
						CreatedOnToolsVersion = 9.1;
						ProvisioningStyle = Automatic;
					};
					2823B2FB1FB6A0F6009E9488 = {
						CreatedOnToolsVersion = 9.1;
						ProvisioningStyle = Automatic;
						TestTargetID = 2823B2E31FB6A0F5009E9488;
					};
					2823B3061FB6A0F6009E9488 = {
						CreatedOnToolsVersion = 9.1;
						ProvisioningStyle = Automatic;
						TestTargetID = 2823B2E31FB6A0F5009E9488;
					};
				};
			};
			buildConfigurationList = 2823B2DF1FB6A0F5009E9488 /* Build configuration list for PBXProject "UIViewController" */;
			compatibilityVersion = "Xcode 8.0";
			developmentRegion = en;
			hasScannedForEncodings = 0;
			knownRegions = (
				en,
				Base,
			);
			mainGroup = 2823B2DB1FB6A0F5009E9488;
			productRefGroup = 2823B2E51FB6A0F5009E9488 /* Products */;
			projectDirPath = "";
			projectRoot = "";
			targets = (
				2823B2E31FB6A0F5009E9488 /* UIViewController */,
				2823B2FB1FB6A0F6009E9488 /* UIViewControllerTests */,
				2823B3061FB6A0F6009E9488 /* UIViewControllerUITests */,
			);
		};
/* End PBXProject section */

/* Begin PBXResourcesBuildPhase section */
		2823B2E21FB6A0F5009E9488 /* Resources */ = {
			isa = PBXResourcesBuildPhase;
			buildActionMask = 2147483647;
			files = (
				2823B2F41FB6A0F5009E9488 /* LaunchScreen.storyboard in Resources */,
				2823B2F11FB6A0F5009E9488 /* Assets.xcassets in Resources */,
				2823B2EF1FB6A0F5009E9488 /* Main.storyboard in Resources */,
			);
			runOnlyForDeploymentPostprocessing = 0;
		};
		2823B2FA1FB6A0F6009E9488 /* Resources */ = {
			isa = PBXResourcesBuildPhase;
			buildActionMask = 2147483647;
			files = (
			);
			runOnlyForDeploymentPostprocessing = 0;
		};
		2823B3051FB6A0F6009E9488 /* Resources */ = {
			isa = PBXResourcesBuildPhase;
			buildActionMask = 2147483647;
			files = (
			);
			runOnlyForDeploymentPostprocessing = 0;
		};
/* End PBXResourcesBuildPhase section */

/* Begin PBXSourcesBuildPhase section */
		2823B2E01FB6A0F5009E9488 /* Sources */ = {
			isa = PBXSourcesBuildPhase;
			buildActionMask = 2147483647;
			files = (
				2823B2EC1FB6A0F5009E9488 /* ViewController.m in Sources */,
				2823B2F71FB6A0F5009E9488 /* main.m in Sources */,
				2823B2E91FB6A0F5009E9488 /* AppDelegate.m in Sources */,
			);
			runOnlyForDeploymentPostprocessing = 0;
		};
		2823B2F81FB6A0F6009E9488 /* Sources */ = {
			isa = PBXSourcesBuildPhase;
			buildActionMask = 2147483647;
			files = (
				2823B3011FB6A0F6009E9488 /* UIViewControllerTests.m in Sources */,
			);
			runOnlyForDeploymentPostprocessing = 0;
		};
		2823B3031FB6A0F6009E9488 /* Sources */ = {
			isa = PBXSourcesBuildPhase;
			buildActionMask = 2147483647;
			files = (
				2823B30C1FB6A0F6009E9488 /* UIViewControllerUITests.m in Sources */,
			);
			runOnlyForDeploymentPostprocessing = 0;
		};
/* End PBXSourcesBuildPhase section */

/* Begin PBXTargetDependency section */
		2823B2FE1FB6A0F6009E9488 /* PBXTargetDependency */ = {
			isa = PBXTargetDependency;
			target = 2823B2E31FB6A0F5009E9488 /* UIViewController */;
			targetProxy = 2823B2FD1FB6A0F6009E9488 /* PBXContainerItemProxy */;
		};
		2823B3091FB6A0F6009E9488 /* PBXTargetDependency */ = {
			isa = PBXTargetDependency;
			target = 2823B2E31FB6A0F5009E9488 /* UIViewController */;
			targetProxy = 2823B3081FB6A0F6009E9488 /* PBXContainerItemProxy */;
		};
/* End PBXTargetDependency section */

/* Begin PBXVariantGroup section */
		2823B2ED1FB6A0F5009E9488 /* Main.storyboard */ = {
			isa = PBXVariantGroup;
			children = (
				2823B2EE1FB6A0F5009E9488 /* Base */,
			);
			name = Main.storyboard;
			sourceTree = "<group>";
		};
		2823B2F21FB6A0F5009E9488 /* LaunchScreen.storyboard */ = {
			isa = PBXVariantGroup;
			children = (
				2823B2F31FB6A0F5009E9488 /* Base */,
			);
			name = LaunchScreen.storyboard;
			sourceTree = "<group>";
		};
/* End PBXVariantGroup section */

/* Begin XCBuildConfiguration section */
		2823B30E1FB6A0F6009E9488 /* Debug */ = {
			isa = XCBuildConfiguration;
			buildSettings = {
				ALWAYS_SEARCH_USER_PATHS = NO;
				CLANG_ANALYZER_NONNULL = YES;
				CLANG_ANALYZER_NUMBER_OBJECT_CONVERSION = YES_AGGRESSIVE;
				CLANG_CXX_LANGUAGE_STANDARD = "gnu++14";
				CLANG_CXX_LIBRARY = "libc++";
				CLANG_ENABLE_MODULES = YES;
				CLANG_ENABLE_OBJC_ARC = YES;
				CLANG_WARN_BLOCK_CAPTURE_AUTORELEASING = YES;
				CLANG_WARN_BOOL_CONVERSION = YES;
				CLANG_WARN_COMMA = YES;
				CLANG_WARN_CONSTANT_CONVERSION = YES;
				CLANG_WARN_DIRECT_OBJC_ISA_USAGE = YES_ERROR;
				CLANG_WARN_DOCUMENTATION_COMMENTS = YES;
				CLANG_WARN_EMPTY_BODY = YES;
				CLANG_WARN_ENUM_CONVERSION = YES;
				CLANG_WARN_INFINITE_RECURSION = YES;
				CLANG_WARN_INT_CONVERSION = YES;
				CLANG_WARN_NON_LITERAL_NULL_CONVERSION = YES;
				CLANG_WARN_OBJC_LITERAL_CONVERSION = YES;
				CLANG_WARN_OBJC_ROOT_CLASS = YES_ERROR;
				CLANG_WARN_RANGE_LOOP_ANALYSIS = YES;
				CLANG_WARN_STRICT_PROTOTYPES = YES;
				CLANG_WARN_SUSPICIOUS_MOVE = YES;
				CLANG_WARN_UNGUARDED_AVAILABILITY = YES_AGGRESSIVE;
				CLANG_WARN_UNREACHABLE_CODE = YES;
				CLANG_WARN__DUPLICATE_METHOD_MATCH = YES;
				CODE_SIGN_IDENTITY = "iPhone Developer";
				COPY_PHASE_STRIP = NO;
				DEBUG_INFORMATION_FORMAT = dwarf;
				ENABLE_STRICT_OBJC_MSGSEND = YES;
				ENABLE_TESTABILITY = YES;
				GCC_C_LANGUAGE_STANDARD = gnu11;
				GCC_DYNAMIC_NO_PIC = NO;
				GCC_NO_COMMON_BLOCKS = YES;
				GCC_OPTIMIZATION_LEVEL = 0;
				GCC_PREPROCESSOR_DEFINITIONS = (
					"DEBUG=1",
					"$(inherited)",
				);
				GCC_WARN_64_TO_32_BIT_CONVERSION = YES;
				GCC_WARN_ABOUT_RETURN_TYPE = YES_ERROR;
				GCC_WARN_UNDECLARED_SELECTOR = YES;
				GCC_WARN_UNINITIALIZED_AUTOS = YES_AGGRESSIVE;
				GCC_WARN_UNUSED_FUNCTION = YES;
				GCC_WARN_UNUSED_VARIABLE = YES;
				IPHONEOS_DEPLOYMENT_TARGET = 11.1;
				MTL_ENABLE_DEBUG_INFO = YES;
				ONLY_ACTIVE_ARCH = YES;
				SDKROOT = iphoneos;
			};
			name = Debug;
		};
		2823B30F1FB6A0F6009E9488 /* Release */ = {
			isa = XCBuildConfiguration;
			buildSettings = {
				ALWAYS_SEARCH_USER_PATHS = NO;
				CLANG_ANALYZER_NONNULL = YES;
				CLANG_ANALYZER_NUMBER_OBJECT_CONVERSION = YES_AGGRESSIVE;
				CLANG_CXX_LANGUAGE_STANDARD = "gnu++14";
				CLANG_CXX_LIBRARY = "libc++";
				CLANG_ENABLE_MODULES = YES;
				CLANG_ENABLE_OBJC_ARC = YES;
				CLANG_WARN_BLOCK_CAPTURE_AUTORELEASING = YES;
				CLANG_WARN_BOOL_CONVERSION = YES;
				CLANG_WARN_COMMA = YES;
				CLANG_WARN_CONSTANT_CONVERSION = YES;
				CLANG_WARN_DIRECT_OBJC_ISA_USAGE = YES_ERROR;
				CLANG_WARN_DOCUMENTATION_COMMENTS = YES;
				CLANG_WARN_EMPTY_BODY = YES;
				CLANG_WARN_ENUM_CONVERSION = YES;
				CLANG_WARN_INFINITE_RECURSION = YES;
				CLANG_WARN_INT_CONVERSION = YES;
				CLANG_WARN_NON_LITERAL_NULL_CONVERSION = YES;
				CLANG_WARN_OBJC_LITERAL_CONVERSION = YES;
				CLANG_WARN_OBJC_ROOT_CLASS = YES_ERROR;
				CLANG_WARN_RANGE_LOOP_ANALYSIS = YES;
				CLANG_WARN_STRICT_PROTOTYPES = YES;
				CLANG_WARN_SUSPICIOUS_MOVE = YES;
				CLANG_WARN_UNGUARDED_AVAILABILITY = YES_AGGRESSIVE;
				CLANG_WARN_UNREACHABLE_CODE = YES;
				CLANG_WARN__DUPLICATE_METHOD_MATCH = YES;
				CODE_SIGN_IDENTITY = "iPhone Developer";
				COPY_PHASE_STRIP = NO;
				DEBUG_INFORMATION_FORMAT = "dwarf-with-dsym";
				ENABLE_NS_ASSERTIONS = NO;
				ENABLE_STRICT_OBJC_MSGSEND = YES;
				GCC_C_LANGUAGE_STANDARD = gnu11;
				GCC_NO_COMMON_BLOCKS = YES;
				GCC_WARN_64_TO_32_BIT_CONVERSION = YES;
				GCC_WARN_ABOUT_RETURN_TYPE = YES_ERROR;
				GCC_WARN_UNDECLARED_SELECTOR = YES;
				GCC_WARN_UNINITIALIZED_AUTOS = YES_AGGRESSIVE;
				GCC_WARN_UNUSED_FUNCTION = YES;
				GCC_WARN_UNUSED_VARIABLE = YES;
				IPHONEOS_DEPLOYMENT_TARGET = 11.1;
				MTL_ENABLE_DEBUG_INFO = NO;
				SDKROOT = iphoneos;
				VALIDATE_PRODUCT = YES;
			};
			name = Release;
		};
		2823B3111FB6A0F6009E9488 /* Debug */ = {
			isa = XCBuildConfiguration;
			buildSettings = {
				ASSETCATALOG_COMPILER_APPICON_NAME = AppIcon;
				CODE_SIGN_STYLE = Automatic;
				DEVELOPMENT_TEAM = 89FKMN349J;
				INFOPLIST_FILE = UIViewController/Info.plist;
				LD_RUNPATH_SEARCH_PATHS = "$(inherited) @executable_path/Frameworks";
				PRODUCT_BUNDLE_IDENTIFIER = "whz.UIButton--";
				PRODUCT_NAME = "$(TARGET_NAME)";
				TARGETED_DEVICE_FAMILY = "1,2";
			};
			name = Debug;
		};
		2823B3121FB6A0F6009E9488 /* Release */ = {
			isa = XCBuildConfiguration;
			buildSettings = {
				ASSETCATALOG_COMPILER_APPICON_NAME = AppIcon;
				CODE_SIGN_STYLE = Automatic;
				DEVELOPMENT_TEAM = 89FKMN349J;
				INFOPLIST_FILE = UIViewController/Info.plist;
				LD_RUNPATH_SEARCH_PATHS = "$(inherited) @executable_path/Frameworks";
				PRODUCT_BUNDLE_IDENTIFIER = "whz.UIButton--";
				PRODUCT_NAME = "$(TARGET_NAME)";
				TARGETED_DEVICE_FAMILY = "1,2";
			};
			name = Release;
		};
		2823B3141FB6A0F6009E9488 /* Debug */ = {
			isa = XCBuildConfiguration;
			buildSettings = {
				BUNDLE_LOADER = "$(TEST_HOST)";
				CODE_SIGN_STYLE = Automatic;
				DEVELOPMENT_TEAM = 89FKMN349J;
				INFOPLIST_FILE = UIViewControllerTests/Info.plist;
				LD_RUNPATH_SEARCH_PATHS = "$(inherited) @executable_path/Frameworks @loader_path/Frameworks";
				PRODUCT_BUNDLE_IDENTIFIER = whz.UIViewControllerTests;
				PRODUCT_NAME = "$(TARGET_NAME)";
				TARGETED_DEVICE_FAMILY = "1,2";
				TEST_HOST = "$(BUILT_PRODUCTS_DIR)/UIViewController.app/UIViewController";
			};
			name = Debug;
		};
		2823B3151FB6A0F6009E9488 /* Release */ = {
			isa = XCBuildConfiguration;
			buildSettings = {
				BUNDLE_LOADER = "$(TEST_HOST)";
				CODE_SIGN_STYLE = Automatic;
				DEVELOPMENT_TEAM = 89FKMN349J;
				INFOPLIST_FILE = UIViewControllerTests/Info.plist;
				LD_RUNPATH_SEARCH_PATHS = "$(inherited) @executable_path/Frameworks @loader_path/Frameworks";
				PRODUCT_BUNDLE_IDENTIFIER = whz.UIViewControllerTests;
				PRODUCT_NAME = "$(TARGET_NAME)";
				TARGETED_DEVICE_FAMILY = "1,2";
				TEST_HOST = "$(BUILT_PRODUCTS_DIR)/UIViewController.app/UIViewController";
			};
			name = Release;
		};
		2823B3171FB6A0F6009E9488 /* Debug */ = {
			isa = XCBuildConfiguration;
			buildSettings = {
				CODE_SIGN_STYLE = Automatic;
				DEVELOPMENT_TEAM = 89FKMN349J;
				INFOPLIST_FILE = UIViewControllerUITests/Info.plist;
				LD_RUNPATH_SEARCH_PATHS = "$(inherited) @executable_path/Frameworks @loader_path/Frameworks";
				PRODUCT_BUNDLE_IDENTIFIER = whz.UIViewControllerUITests;
				PRODUCT_NAME = "$(TARGET_NAME)";
				TARGETED_DEVICE_FAMILY = "1,2";
				TEST_TARGET_NAME = UIViewController;
			};
			name = Debug;
		};
		2823B3181FB6A0F6009E9488 /* Release */ = {
			isa = XCBuildConfiguration;
			buildSettings = {
				CODE_SIGN_STYLE = Automatic;
				DEVELOPMENT_TEAM = 89FKMN349J;
				INFOPLIST_FILE = UIViewControllerUITests/Info.plist;
				LD_RUNPATH_SEARCH_PATHS = "$(inherited) @executable_path/Frameworks @loader_path/Frameworks";
				PRODUCT_BUNDLE_IDENTIFIER = whz.UIViewControllerUITests;
				PRODUCT_NAME = "$(TARGET_NAME)";
				TARGETED_DEVICE_FAMILY = "1,2";
				TEST_TARGET_NAME = UIViewController;
			};
			name = Release;
		};
/* End XCBuildConfiguration section */

/* Begin XCConfigurationList section */
		2823B2DF1FB6A0F5009E9488 /* Build configuration list for PBXProject "UIViewController" */ = {
			isa = XCConfigurationList;
			buildConfigurations = (
				2823B30E1FB6A0F6009E9488 /* Debug */,
				2823B30F1FB6A0F6009E9488 /* Release */,
			);
			defaultConfigurationIsVisible = 0;
			defaultConfigurationName = Release;
		};
		2823B3101FB6A0F6009E9488 /* Build configuration list for PBXNativeTarget "UIViewController" */ = {
			isa = XCConfigurationList;
			buildConfigurations = (
				2823B3111FB6A0F6009E9488 /* Debug */,
				2823B3121FB6A0F6009E9488 /* Release */,
			);
			defaultConfigurationIsVisible = 0;
			defaultConfigurationName = Release;
		};
		2823B3131FB6A0F6009E9488 /* Build configuration list for PBXNativeTarget "UIViewControllerTests" */ = {
			isa = XCConfigurationList;
			buildConfigurations = (
				2823B3141FB6A0F6009E9488 /* Debug */,
				2823B3151FB6A0F6009E9488 /* Release */,
			);
			defaultConfigurationIsVisible = 0;
			defaultConfigurationName = Release;
		};
		2823B3161FB6A0F6009E9488 /* Build configuration list for PBXNativeTarget "UIViewControllerUITests" */ = {
			isa = XCConfigurationList;
			buildConfigurations = (
				2823B3171FB6A0F6009E9488 /* Debug */,
				2823B3181FB6A0F6009E9488 /* Release */,
			);
			defaultConfigurationIsVisible = 0;
			defaultConfigurationName = Release;
		};
/* End XCConfigurationList section */
	};
	rootObject = 2823B2DC1FB6A0F5009E9488 /* Project object */;
}
