// !$*UTF8*$!
{
	archiveVersion = 1;
	classes = {
	};
	objectVersion = 48;
	objects = {

/* Begin PBXBuildFile section */
		2806F2F31FBD2B2600382557 /* AppDelegate.m in Sources */ = {isa = PBXBuildFile; fileRef = 2806F2F21FBD2B2600382557 /* AppDelegate.m */; };
		2806F2F61FBD2B2600382557 /* ViewController.m in Sources */ = {isa = PBXBuildFile; fileRef = 2806F2F51FBD2B2600382557 /* ViewController.m */; };
		2806F2F91FBD2B2600382557 /* Main.storyboard in Resources */ = {isa = PBXBuildFile; fileRef = 2806F2F71FBD2B2600382557 /* Main.storyboard */; };
		2806F2FB1FBD2B2600382557 /* Assets.xcassets in Resources */ = {isa = PBXBuildFile; fileRef = 2806F2FA1FBD2B2600382557 /* Assets.xcassets */; };
		2806F2FE1FBD2B2600382557 /* LaunchScreen.storyboard in Resources */ = {isa = PBXBuildFile; fileRef = 2806F2FC1FBD2B2600382557 /* LaunchScreen.storyboard */; };
		2806F3011FBD2B2600382557 /* main.m in Sources */ = {isa = PBXBuildFile; fileRef = 2806F3001FBD2B2600382557 /* main.m */; };
		2806F30B1FBD2B2600382557 /* UIGesture____Tests.m in Sources */ = {isa = PBXBuildFile; fileRef = 2806F30A1FBD2B2600382557 /* UIGesture____Tests.m */; };
		2806F3161FBD2B2600382557 /* UIGesture____UITests.m in Sources */ = {isa = PBXBuildFile; fileRef = 2806F3151FBD2B2600382557 /* UIGesture____UITests.m */; };
		2806F3241FBD2F4A00382557 /* 2.jpg in Resources */ = {isa = PBXBuildFile; fileRef = 2806F3231FBD2F4A00382557 /* 2.jpg */; };
/* End PBXBuildFile section */

/* Begin PBXContainerItemProxy section */
		2806F3071FBD2B2600382557 /* PBXContainerItemProxy */ = {
			isa = PBXContainerItemProxy;
			containerPortal = 2806F2E61FBD2B2600382557 /* Project object */;
			proxyType = 1;
			remoteGlobalIDString = 2806F2ED1FBD2B2600382557;
			remoteInfo = "UIGesture高级手势";
		};
		2806F3121FBD2B2600382557 /* PBXContainerItemProxy */ = {
			isa = PBXContainerItemProxy;
			containerPortal = 2806F2E61FBD2B2600382557 /* Project object */;
			proxyType = 1;
			remoteGlobalIDString = 2806F2ED1FBD2B2600382557;
			remoteInfo = "UIGesture高级手势";
		};
/* End PBXContainerItemProxy section */

/* Begin PBXFileReference section */
		2806F2EE1FBD2B2600382557 /* UIGesture高级手势.app */ = {isa = PBXFileReference; explicitFileType = wrapper.application; includeInIndex = 0; path = "UIGesture高级手势.app"; sourceTree = BUILT_PRODUCTS_DIR; };
		2806F2F11FBD2B2600382557 /* AppDelegate.h */ = {isa = PBXFileReference; lastKnownFileType = sourcecode.c.h; path = AppDelegate.h; sourceTree = "<group>"; };
		2806F2F21FBD2B2600382557 /* AppDelegate.m */ = {isa = PBXFileReference; lastKnownFileType = sourcecode.c.objc; path = AppDelegate.m; sourceTree = "<group>"; };
		2806F2F41FBD2B2600382557 /* ViewController.h */ = {isa = PBXFileReference; lastKnownFileType = sourcecode.c.h; path = ViewController.h; sourceTree = "<group>"; };
		2806F2F51FBD2B2600382557 /* ViewController.m */ = {isa = PBXFileReference; lastKnownFileType = sourcecode.c.objc; path = ViewController.m; sourceTree = "<group>"; };
		2806F2F81FBD2B2600382557 /* Base */ = {isa = PBXFileReference; lastKnownFileType = file.storyboard; name = Base; path = Base.lproj/Main.storyboard; sourceTree = "<group>"; };
		2806F2FA1FBD2B2600382557 /* Assets.xcassets */ = {isa = PBXFileReference; lastKnownFileType = folder.assetcatalog; path = Assets.xcassets; sourceTree = "<group>"; };
		2806F2FD1FBD2B2600382557 /* Base */ = {isa = PBXFileReference; lastKnownFileType = file.storyboard; name = Base; path = Base.lproj/LaunchScreen.storyboard; sourceTree = "<group>"; };
		2806F2FF1FBD2B2600382557 /* Info.plist */ = {isa = PBXFileReference; lastKnownFileType = text.plist.xml; path = Info.plist; sourceTree = "<group>"; };
		2806F3001FBD2B2600382557 /* main.m */ = {isa = PBXFileReference; lastKnownFileType = sourcecode.c.objc; path = main.m; sourceTree = "<group>"; };
		2806F3061FBD2B2600382557 /* UIGesture高级手势Tests.xctest */ = {isa = PBXFileReference; explicitFileType = wrapper.cfbundle; includeInIndex = 0; path = "UIGesture高级手势Tests.xctest"; sourceTree = BUILT_PRODUCTS_DIR; };
		2806F30A1FBD2B2600382557 /* UIGesture____Tests.m */ = {isa = PBXFileReference; lastKnownFileType = sourcecode.c.objc; path = "UIGesture____Tests.m"; sourceTree = "<group>"; };
		2806F30C1FBD2B2600382557 /* Info.plist */ = {isa = PBXFileReference; lastKnownFileType = text.plist.xml; path = Info.plist; sourceTree = "<group>"; };
		2806F3111FBD2B2600382557 /* UIGesture高级手势UITests.xctest */ = {isa = PBXFileReference; explicitFileType = wrapper.cfbundle; includeInIndex = 0; path = "UIGesture高级手势UITests.xctest"; sourceTree = BUILT_PRODUCTS_DIR; };
		2806F3151FBD2B2600382557 /* UIGesture____UITests.m */ = {isa = PBXFileReference; lastKnownFileType = sourcecode.c.objc; path = "UIGesture____UITests.m"; sourceTree = "<group>"; };
		2806F3171FBD2B2600382557 /* Info.plist */ = {isa = PBXFileReference; lastKnownFileType = text.plist.xml; path = Info.plist; sourceTree = "<group>"; };
		2806F3231FBD2F4A00382557 /* 2.jpg */ = {isa = PBXFileReference; lastKnownFileType = image.jpeg; path = 2.jpg; sourceTree = "<group>"; };
/* End PBXFileReference section */

/* Begin PBXFrameworksBuildPhase section */
		2806F2EB1FBD2B2600382557 /* Frameworks */ = {
			isa = PBXFrameworksBuildPhase;
			buildActionMask = 2147483647;
			files = (
			);
			runOnlyForDeploymentPostprocessing = 0;
		};
		2806F3031FBD2B2600382557 /* Frameworks */ = {
			isa = PBXFrameworksBuildPhase;
			buildActionMask = 2147483647;
			files = (
			);
			runOnlyForDeploymentPostprocessing = 0;
		};
		2806F30E1FBD2B2600382557 /* Frameworks */ = {
			isa = PBXFrameworksBuildPhase;
			buildActionMask = 2147483647;
			files = (
			);
			runOnlyForDeploymentPostprocessing = 0;
		};
/* End PBXFrameworksBuildPhase section */

/* Begin PBXGroup section */
		2806F2E51FBD2B2600382557 = {
			isa = PBXGroup;
			children = (
				2806F2F01FBD2B2600382557 /* UIGesture高级手势 */,
				2806F3091FBD2B2600382557 /* UIGesture高级手势Tests */,
				2806F3141FBD2B2600382557 /* UIGesture高级手势UITests */,
				2806F2EF1FBD2B2600382557 /* Products */,
			);
			sourceTree = "<group>";
		};
		2806F2EF1FBD2B2600382557 /* Products */ = {
			isa = PBXGroup;
			children = (
				2806F2EE1FBD2B2600382557 /* UIGesture高级手势.app */,
				2806F3061FBD2B2600382557 /* UIGesture高级手势Tests.xctest */,
				2806F3111FBD2B2600382557 /* UIGesture高级手势UITests.xctest */,
			);
			name = Products;
			sourceTree = "<group>";
		};
		2806F2F01FBD2B2600382557 /* UIGesture高级手势 */ = {
			isa = PBXGroup;
			children = (
				2806F3231FBD2F4A00382557 /* 2.jpg */,
				2806F2F11FBD2B2600382557 /* AppDelegate.h */,
				2806F2F21FBD2B2600382557 /* AppDelegate.m */,
				2806F2F41FBD2B2600382557 /* ViewController.h */,
				2806F2F51FBD2B2600382557 /* ViewController.m */,
				2806F2F71FBD2B2600382557 /* Main.storyboard */,
				2806F2FA1FBD2B2600382557 /* Assets.xcassets */,
				2806F2FC1FBD2B2600382557 /* LaunchScreen.storyboard */,
				2806F2FF1FBD2B2600382557 /* Info.plist */,
				2806F3001FBD2B2600382557 /* main.m */,
			);
			path = "UIGesture高级手势";
			sourceTree = "<group>";
		};
		2806F3091FBD2B2600382557 /* UIGesture高级手势Tests */ = {
			isa = PBXGroup;
			children = (
				2806F30A1FBD2B2600382557 /* UIGesture____Tests.m */,
				2806F30C1FBD2B2600382557 /* Info.plist */,
			);
			path = "UIGesture高级手势Tests";
			sourceTree = "<group>";
		};
		2806F3141FBD2B2600382557 /* UIGesture高级手势UITests */ = {
			isa = PBXGroup;
			children = (
				2806F3151FBD2B2600382557 /* UIGesture____UITests.m */,
				2806F3171FBD2B2600382557 /* Info.plist */,
			);
			path = "UIGesture高级手势UITests";
			sourceTree = "<group>";
		};
/* End PBXGroup section */

/* Begin PBXNativeTarget section */
		2806F2ED1FBD2B2600382557 /* UIGesture高级手势 */ = {
			isa = PBXNativeTarget;
			buildConfigurationList = 2806F31A1FBD2B2600382557 /* Build configuration list for PBXNativeTarget "UIGesture高级手势" */;
			buildPhases = (
				2806F2EA1FBD2B2600382557 /* Sources */,
				2806F2EB1FBD2B2600382557 /* Frameworks */,
				2806F2EC1FBD2B2600382557 /* Resources */,
			);
			buildRules = (
			);
			dependencies = (
			);
			name = "UIGesture高级手势";
			productName = "UIGesture高级手势";
			productReference = 2806F2EE1FBD2B2600382557 /* UIGesture高级手势.app */;
			productType = "com.apple.product-type.application";
		};
		2806F3051FBD2B2600382557 /* UIGesture高级手势Tests */ = {
			isa = PBXNativeTarget;
			buildConfigurationList = 2806F31D1FBD2B2600382557 /* Build configuration list for PBXNativeTarget "UIGesture高级手势Tests" */;
			buildPhases = (
				2806F3021FBD2B2600382557 /* Sources */,
				2806F3031FBD2B2600382557 /* Frameworks */,
				2806F3041FBD2B2600382557 /* Resources */,
			);
			buildRules = (
			);
			dependencies = (
				2806F3081FBD2B2600382557 /* PBXTargetDependency */,
			);
			name = "UIGesture高级手势Tests";
			productName = "UIGesture高级手势Tests";
			productReference = 2806F3061FBD2B2600382557 /* UIGesture高级手势Tests.xctest */;
			productType = "com.apple.product-type.bundle.unit-test";
		};
		2806F3101FBD2B2600382557 /* UIGesture高级手势UITests */ = {
			isa = PBXNativeTarget;
			buildConfigurationList = 2806F3201FBD2B2600382557 /* Build configuration list for PBXNativeTarget "UIGesture高级手势UITests" */;
			buildPhases = (
				2806F30D1FBD2B2600382557 /* Sources */,
				2806F30E1FBD2B2600382557 /* Frameworks */,
				2806F30F1FBD2B2600382557 /* Resources */,
			);
			buildRules = (
			);
			dependencies = (
				2806F3131FBD2B2600382557 /* PBXTargetDependency */,
			);
			name = "UIGesture高级手势UITests";
			productName = "UIGesture高级手势UITests";
			productReference = 2806F3111FBD2B2600382557 /* UIGesture高级手势UITests.xctest */;
			productType = "com.apple.product-type.bundle.ui-testing";
		};
/* End PBXNativeTarget section */

/* Begin PBXProject section */
		2806F2E61FBD2B2600382557 /* Project object */ = {
			isa = PBXProject;
			attributes = {
				LastUpgradeCheck = 0910;
				ORGANIZATIONNAME = Hades;
				TargetAttributes = {
					2806F2ED1FBD2B2600382557 = {
						CreatedOnToolsVersion = 9.1;
						ProvisioningStyle = Automatic;
					};
					2806F3051FBD2B2600382557 = {
						CreatedOnToolsVersion = 9.1;
						ProvisioningStyle = Automatic;
						TestTargetID = 2806F2ED1FBD2B2600382557;
					};
					2806F3101FBD2B2600382557 = {
						CreatedOnToolsVersion = 9.1;
						ProvisioningStyle = Automatic;
						TestTargetID = 2806F2ED1FBD2B2600382557;
					};
				};
			};
			buildConfigurationList = 2806F2E91FBD2B2600382557 /* Build configuration list for PBXProject "UIGesture高级手势" */;
			compatibilityVersion = "Xcode 8.0";
			developmentRegion = en;
			hasScannedForEncodings = 0;
			knownRegions = (
				en,
				Base,
			);
			mainGroup = 2806F2E51FBD2B2600382557;
			productRefGroup = 2806F2EF1FBD2B2600382557 /* Products */;
			projectDirPath = "";
			projectRoot = "";
			targets = (
				2806F2ED1FBD2B2600382557 /* UIGesture高级手势 */,
				2806F3051FBD2B2600382557 /* UIGesture高级手势Tests */,
				2806F3101FBD2B2600382557 /* UIGesture高级手势UITests */,
			);
		};
/* End PBXProject section */

/* Begin PBXResourcesBuildPhase section */
		2806F2EC1FBD2B2600382557 /* Resources */ = {
			isa = PBXResourcesBuildPhase;
			buildActionMask = 2147483647;
			files = (
				2806F2FE1FBD2B2600382557 /* LaunchScreen.storyboard in Resources */,
				2806F2FB1FBD2B2600382557 /* Assets.xcassets in Resources */,
				2806F3241FBD2F4A00382557 /* 2.jpg in Resources */,
				2806F2F91FBD2B2600382557 /* Main.storyboard in Resources */,
			);
			runOnlyForDeploymentPostprocessing = 0;
		};
		2806F3041FBD2B2600382557 /* Resources */ = {
			isa = PBXResourcesBuildPhase;
			buildActionMask = 2147483647;
			files = (
			);
			runOnlyForDeploymentPostprocessing = 0;
		};
		2806F30F1FBD2B2600382557 /* Resources */ = {
			isa = PBXResourcesBuildPhase;
			buildActionMask = 2147483647;
			files = (
			);
			runOnlyForDeploymentPostprocessing = 0;
		};
/* End PBXResourcesBuildPhase section */

/* Begin PBXSourcesBuildPhase section */
		2806F2EA1FBD2B2600382557 /* Sources */ = {
			isa = PBXSourcesBuildPhase;
			buildActionMask = 2147483647;
			files = (
				2806F2F61FBD2B2600382557 /* ViewController.m in Sources */,
				2806F3011FBD2B2600382557 /* main.m in Sources */,
				2806F2F31FBD2B2600382557 /* AppDelegate.m in Sources */,
			);
			runOnlyForDeploymentPostprocessing = 0;
		};
		2806F3021FBD2B2600382557 /* Sources */ = {
			isa = PBXSourcesBuildPhase;
			buildActionMask = 2147483647;
			files = (
				2806F30B1FBD2B2600382557 /* UIGesture____Tests.m in Sources */,
			);
			runOnlyForDeploymentPostprocessing = 0;
		};
		2806F30D1FBD2B2600382557 /* Sources */ = {
			isa = PBXSourcesBuildPhase;
			buildActionMask = 2147483647;
			files = (
				2806F3161FBD2B2600382557 /* UIGesture____UITests.m in Sources */,
			);
			runOnlyForDeploymentPostprocessing = 0;
		};
/* End PBXSourcesBuildPhase section */

/* Begin PBXTargetDependency section */
		2806F3081FBD2B2600382557 /* PBXTargetDependency */ = {
			isa = PBXTargetDependency;
			target = 2806F2ED1FBD2B2600382557 /* UIGesture高级手势 */;
			targetProxy = 2806F3071FBD2B2600382557 /* PBXContainerItemProxy */;
		};
		2806F3131FBD2B2600382557 /* PBXTargetDependency */ = {
			isa = PBXTargetDependency;
			target = 2806F2ED1FBD2B2600382557 /* UIGesture高级手势 */;
			targetProxy = 2806F3121FBD2B2600382557 /* PBXContainerItemProxy */;
		};
/* End PBXTargetDependency section */

/* Begin PBXVariantGroup section */
		2806F2F71FBD2B2600382557 /* Main.storyboard */ = {
			isa = PBXVariantGroup;
			children = (
				2806F2F81FBD2B2600382557 /* Base */,
			);
			name = Main.storyboard;
			sourceTree = "<group>";
		};
		2806F2FC1FBD2B2600382557 /* LaunchScreen.storyboard */ = {
			isa = PBXVariantGroup;
			children = (
				2806F2FD1FBD2B2600382557 /* Base */,
			);
			name = LaunchScreen.storyboard;
			sourceTree = "<group>";
		};
/* End PBXVariantGroup section */

/* Begin XCBuildConfiguration section */
		2806F3181FBD2B2600382557 /* Debug */ = {
			isa = XCBuildConfiguration;
			buildSettings = {
				ALWAYS_SEARCH_USER_PATHS = NO;
				CLANG_ANALYZER_NONNULL = YES;
				CLANG_ANALYZER_NUMBER_OBJECT_CONVERSION = YES_AGGRESSIVE;
				CLANG_CXX_LANGUAGE_STANDARD = "gnu++14";
				CLANG_CXX_LIBRARY = "libc++";
				CLANG_ENABLE_MODULES = YES;
				CLANG_ENABLE_OBJC_ARC = YES;
				CLANG_WARN_BLOCK_CAPTURE_AUTORELEASING = YES;
				CLANG_WARN_BOOL_CONVERSION = YES;
				CLANG_WARN_COMMA = YES;
				CLANG_WARN_CONSTANT_CONVERSION = YES;
				CLANG_WARN_DIRECT_OBJC_ISA_USAGE = YES_ERROR;
				CLANG_WARN_DOCUMENTATION_COMMENTS = YES;
				CLANG_WARN_EMPTY_BODY = YES;
				CLANG_WARN_ENUM_CONVERSION = YES;
				CLANG_WARN_INFINITE_RECURSION = YES;
				CLANG_WARN_INT_CONVERSION = YES;
				CLANG_WARN_NON_LITERAL_NULL_CONVERSION = YES;
				CLANG_WARN_OBJC_LITERAL_CONVERSION = YES;
				CLANG_WARN_OBJC_ROOT_CLASS = YES_ERROR;
				CLANG_WARN_RANGE_LOOP_ANALYSIS = YES;
				CLANG_WARN_STRICT_PROTOTYPES = YES;
				CLANG_WARN_SUSPICIOUS_MOVE = YES;
				CLANG_WARN_UNGUARDED_AVAILABILITY = YES_AGGRESSIVE;
				CLANG_WARN_UNREACHABLE_CODE = YES;
				CLANG_WARN__DUPLICATE_METHOD_MATCH = YES;
				CODE_SIGN_IDENTITY = "iPhone Developer";
				COPY_PHASE_STRIP = NO;
				DEBUG_INFORMATION_FORMAT = dwarf;
				ENABLE_STRICT_OBJC_MSGSEND = YES;
				ENABLE_TESTABILITY = YES;
				GCC_C_LANGUAGE_STANDARD = gnu11;
				GCC_DYNAMIC_NO_PIC = NO;
				GCC_NO_COMMON_BLOCKS = YES;
				GCC_OPTIMIZATION_LEVEL = 0;
				GCC_PREPROCESSOR_DEFINITIONS = (
					"DEBUG=1",
					"$(inherited)",
				);
				GCC_WARN_64_TO_32_BIT_CONVERSION = YES;
				GCC_WARN_ABOUT_RETURN_TYPE = YES_ERROR;
				GCC_WARN_UNDECLARED_SELECTOR = YES;
				GCC_WARN_UNINITIALIZED_AUTOS = YES_AGGRESSIVE;
				GCC_WARN_UNUSED_FUNCTION = YES;
				GCC_WARN_UNUSED_VARIABLE = YES;
				IPHONEOS_DEPLOYMENT_TARGET = 11.1;
				MTL_ENABLE_DEBUG_INFO = YES;
				ONLY_ACTIVE_ARCH = YES;
				SDKROOT = iphoneos;
			};
			name = Debug;
		};
		2806F3191FBD2B2600382557 /* Release */ = {
			isa = XCBuildConfiguration;
			buildSettings = {
				ALWAYS_SEARCH_USER_PATHS = NO;
				CLANG_ANALYZER_NONNULL = YES;
				CLANG_ANALYZER_NUMBER_OBJECT_CONVERSION = YES_AGGRESSIVE;
				CLANG_CXX_LANGUAGE_STANDARD = "gnu++14";
				CLANG_CXX_LIBRARY = "libc++";
				CLANG_ENABLE_MODULES = YES;
				CLANG_ENABLE_OBJC_ARC = YES;
				CLANG_WARN_BLOCK_CAPTURE_AUTORELEASING = YES;
				CLANG_WARN_BOOL_CONVERSION = YES;
				CLANG_WARN_COMMA = YES;
				CLANG_WARN_CONSTANT_CONVERSION = YES;
				CLANG_WARN_DIRECT_OBJC_ISA_USAGE = YES_ERROR;
				CLANG_WARN_DOCUMENTATION_COMMENTS = YES;
				CLANG_WARN_EMPTY_BODY = YES;
				CLANG_WARN_ENUM_CONVERSION = YES;
				CLANG_WARN_INFINITE_RECURSION = YES;
				CLANG_WARN_INT_CONVERSION = YES;
				CLANG_WARN_NON_LITERAL_NULL_CONVERSION = YES;
				CLANG_WARN_OBJC_LITERAL_CONVERSION = YES;
				CLANG_WARN_OBJC_ROOT_CLASS = YES_ERROR;
				CLANG_WARN_RANGE_LOOP_ANALYSIS = YES;
				CLANG_WARN_STRICT_PROTOTYPES = YES;
				CLANG_WARN_SUSPICIOUS_MOVE = YES;
				CLANG_WARN_UNGUARDED_AVAILABILITY = YES_AGGRESSIVE;
				CLANG_WARN_UNREACHABLE_CODE = YES;
				CLANG_WARN__DUPLICATE_METHOD_MATCH = YES;
				CODE_SIGN_IDENTITY = "iPhone Developer";
				COPY_PHASE_STRIP = NO;
				DEBUG_INFORMATION_FORMAT = "dwarf-with-dsym";
				ENABLE_NS_ASSERTIONS = NO;
				ENABLE_STRICT_OBJC_MSGSEND = YES;
				GCC_C_LANGUAGE_STANDARD = gnu11;
				GCC_NO_COMMON_BLOCKS = YES;
				GCC_WARN_64_TO_32_BIT_CONVERSION = YES;
				GCC_WARN_ABOUT_RETURN_TYPE = YES_ERROR;
				GCC_WARN_UNDECLARED_SELECTOR = YES;
				GCC_WARN_UNINITIALIZED_AUTOS = YES_AGGRESSIVE;
				GCC_WARN_UNUSED_FUNCTION = YES;
				GCC_WARN_UNUSED_VARIABLE = YES;
				IPHONEOS_DEPLOYMENT_TARGET = 11.1;
				MTL_ENABLE_DEBUG_INFO = NO;
				SDKROOT = iphoneos;
				VALIDATE_PRODUCT = YES;
			};
			name = Release;
		};
		2806F31B1FBD2B2600382557 /* Debug */ = {
			isa = XCBuildConfiguration;
			buildSettings = {
				ASSETCATALOG_COMPILER_APPICON_NAME = AppIcon;
				CODE_SIGN_STYLE = Automatic;
				DEVELOPMENT_TEAM = 89FKMN349J;
				INFOPLIST_FILE = "UIGesture高级手势/Info.plist";
				LD_RUNPATH_SEARCH_PATHS = "$(inherited) @executable_path/Frameworks";
				PRODUCT_BUNDLE_IDENTIFIER = "whz.UIButton--";
				PRODUCT_NAME = "$(TARGET_NAME)";
				TARGETED_DEVICE_FAMILY = "1,2";
			};
			name = Debug;
		};
		2806F31C1FBD2B2600382557 /* Release */ = {
			isa = XCBuildConfiguration;
			buildSettings = {
				ASSETCATALOG_COMPILER_APPICON_NAME = AppIcon;
				CODE_SIGN_STYLE = Automatic;
				DEVELOPMENT_TEAM = 89FKMN349J;
				INFOPLIST_FILE = "UIGesture高级手势/Info.plist";
				LD_RUNPATH_SEARCH_PATHS = "$(inherited) @executable_path/Frameworks";
				PRODUCT_BUNDLE_IDENTIFIER = "whz.UIButton--";
				PRODUCT_NAME = "$(TARGET_NAME)";
				TARGETED_DEVICE_FAMILY = "1,2";
			};
			name = Release;
		};
		2806F31E1FBD2B2600382557 /* Debug */ = {
			isa = XCBuildConfiguration;
			buildSettings = {
				BUNDLE_LOADER = "$(TEST_HOST)";
				CODE_SIGN_STYLE = Automatic;
				DEVELOPMENT_TEAM = 89FKMN349J;
				INFOPLIST_FILE = "UIGesture高级手势Tests/Info.plist";
				LD_RUNPATH_SEARCH_PATHS = "$(inherited) @executable_path/Frameworks @loader_path/Frameworks";
				PRODUCT_BUNDLE_IDENTIFIER = "whz.UIGesture----Tests";
				PRODUCT_NAME = "$(TARGET_NAME)";
				TARGETED_DEVICE_FAMILY = "1,2";
				TEST_HOST = "$(BUILT_PRODUCTS_DIR)/UIGesture高级手势.app/UIGesture高级手势";
			};
			name = Debug;
		};
		2806F31F1FBD2B2600382557 /* Release */ = {
			isa = XCBuildConfiguration;
			buildSettings = {
				BUNDLE_LOADER = "$(TEST_HOST)";
				CODE_SIGN_STYLE = Automatic;
				DEVELOPMENT_TEAM = 89FKMN349J;
				INFOPLIST_FILE = "UIGesture高级手势Tests/Info.plist";
				LD_RUNPATH_SEARCH_PATHS = "$(inherited) @executable_path/Frameworks @loader_path/Frameworks";
				PRODUCT_BUNDLE_IDENTIFIER = "whz.UIGesture----Tests";
				PRODUCT_NAME = "$(TARGET_NAME)";
				TARGETED_DEVICE_FAMILY = "1,2";
				TEST_HOST = "$(BUILT_PRODUCTS_DIR)/UIGesture高级手势.app/UIGesture高级手势";
			};
			name = Release;
		};
		2806F3211FBD2B2600382557 /* Debug */ = {
			isa = XCBuildConfiguration;
			buildSettings = {
				CODE_SIGN_STYLE = Automatic;
				DEVELOPMENT_TEAM = 89FKMN349J;
				INFOPLIST_FILE = "UIGesture高级手势UITests/Info.plist";
				LD_RUNPATH_SEARCH_PATHS = "$(inherited) @executable_path/Frameworks @loader_path/Frameworks";
				PRODUCT_BUNDLE_IDENTIFIER = "whz.UIGesture----UITests";
				PRODUCT_NAME = "$(TARGET_NAME)";
				TARGETED_DEVICE_FAMILY = "1,2";
				TEST_TARGET_NAME = "UIGesture高级手势";
			};
			name = Debug;
		};
		2806F3221FBD2B2600382557 /* Release */ = {
			isa = XCBuildConfiguration;
			buildSettings = {
				CODE_SIGN_STYLE = Automatic;
				DEVELOPMENT_TEAM = 89FKMN349J;
				INFOPLIST_FILE = "UIGesture高级手势UITests/Info.plist";
				LD_RUNPATH_SEARCH_PATHS = "$(inherited) @executable_path/Frameworks @loader_path/Frameworks";
				PRODUCT_BUNDLE_IDENTIFIER = "whz.UIGesture----UITests";
				PRODUCT_NAME = "$(TARGET_NAME)";
				TARGETED_DEVICE_FAMILY = "1,2";
				TEST_TARGET_NAME = "UIGesture高级手势";
			};
			name = Release;
		};
/* End XCBuildConfiguration section */

/* Begin XCConfigurationList section */
		2806F2E91FBD2B2600382557 /* Build configuration list for PBXProject "UIGesture高级手势" */ = {
			isa = XCConfigurationList;
			buildConfigurations = (
				2806F3181FBD2B2600382557 /* Debug */,
				2806F3191FBD2B2600382557 /* Release */,
			);
			defaultConfigurationIsVisible = 0;
			defaultConfigurationName = Release;
		};
		2806F31A1FBD2B2600382557 /* Build configuration list for PBXNativeTarget "UIGesture高级手势" */ = {
			isa = XCConfigurationList;
			buildConfigurations = (
				2806F31B1FBD2B2600382557 /* Debug */,
				2806F31C1FBD2B2600382557 /* Release */,
			);
			defaultConfigurationIsVisible = 0;
			defaultConfigurationName = Release;
		};
		2806F31D1FBD2B2600382557 /* Build configuration list for PBXNativeTarget "UIGesture高级手势Tests" */ = {
			isa = XCConfigurationList;
			buildConfigurations = (
				2806F31E1FBD2B2600382557 /* Debug */,
				2806F31F1FBD2B2600382557 /* Release */,
			);
			defaultConfigurationIsVisible = 0;
			defaultConfigurationName = Release;
		};
		2806F3201FBD2B2600382557 /* Build configuration list for PBXNativeTarget "UIGesture高级手势UITests" */ = {
			isa = XCConfigurationList;
			buildConfigurations = (
				2806F3211FBD2B2600382557 /* Debug */,
				2806F3221FBD2B2600382557 /* Release */,
			);
			defaultConfigurationIsVisible = 0;
			defaultConfigurationName = Release;
		};
/* End XCConfigurationList section */
	};
	rootObject = 2806F2E61FBD2B2600382557 /* Project object */;
}
