// !$*UTF8*$!
{
	archiveVersion = 1;
	classes = {
	};
	objectVersion = 48;
	objects = {

/* Begin PBXBuildFile section */
		2805416C1FBE710600E4FE7E /* 1.jpg in Resources */ = {isa = PBXBuildFile; fileRef = 2805416B1FBE710500E4FE7E /* 1.jpg */; };
		280761BE1FBE653D0022F2FD /* AppDelegate.m in Sources */ = {isa = PBXBuildFile; fileRef = 280761BD1FBE653D0022F2FD /* AppDelegate.m */; };
		280761C11FBE653D0022F2FD /* ViewController.m in Sources */ = {isa = PBXBuildFile; fileRef = 280761C01FBE653D0022F2FD /* ViewController.m */; };
		280761C41FBE653D0022F2FD /* Main.storyboard in Resources */ = {isa = PBXBuildFile; fileRef = 280761C21FBE653D0022F2FD /* Main.storyboard */; };
		280761C61FBE653D0022F2FD /* Assets.xcassets in Resources */ = {isa = PBXBuildFile; fileRef = 280761C51FBE653D0022F2FD /* Assets.xcassets */; };
		280761C91FBE653D0022F2FD /* LaunchScreen.storyboard in Resources */ = {isa = PBXBuildFile; fileRef = 280761C71FBE653D0022F2FD /* LaunchScreen.storyboard */; };
		280761CC1FBE653D0022F2FD /* main.m in Sources */ = {isa = PBXBuildFile; fileRef = 280761CB1FBE653D0022F2FD /* main.m */; };
		280761D61FBE653D0022F2FD /* UIGesture____Tests.m in Sources */ = {isa = PBXBuildFile; fileRef = 280761D51FBE653D0022F2FD /* UIGesture____Tests.m */; };
		280761E11FBE653D0022F2FD /* UIGesture____UITests.m in Sources */ = {isa = PBXBuildFile; fileRef = 280761E01FBE653D0022F2FD /* UIGesture____UITests.m */; };
/* End PBXBuildFile section */

/* Begin PBXContainerItemProxy section */
		280761D21FBE653D0022F2FD /* PBXContainerItemProxy */ = {
			isa = PBXContainerItemProxy;
			containerPortal = 280761B11FBE653D0022F2FD /* Project object */;
			proxyType = 1;
			remoteGlobalIDString = 280761B81FBE653D0022F2FD;
			remoteInfo = "UIGesture扩展手势";
		};
		280761DD1FBE653D0022F2FD /* PBXContainerItemProxy */ = {
			isa = PBXContainerItemProxy;
			containerPortal = 280761B11FBE653D0022F2FD /* Project object */;
			proxyType = 1;
			remoteGlobalIDString = 280761B81FBE653D0022F2FD;
			remoteInfo = "UIGesture扩展手势";
		};
/* End PBXContainerItemProxy section */

/* Begin PBXFileReference section */
		2805416B1FBE710500E4FE7E /* 1.jpg */ = {isa = PBXFileReference; lastKnownFileType = image.jpeg; path = 1.jpg; sourceTree = "<group>"; };
		280761B91FBE653D0022F2FD /* UIGesture扩展手势.app */ = {isa = PBXFileReference; explicitFileType = wrapper.application; includeInIndex = 0; path = "UIGesture扩展手势.app"; sourceTree = BUILT_PRODUCTS_DIR; };
		280761BC1FBE653D0022F2FD /* AppDelegate.h */ = {isa = PBXFileReference; lastKnownFileType = sourcecode.c.h; path = AppDelegate.h; sourceTree = "<group>"; };
		280761BD1FBE653D0022F2FD /* AppDelegate.m */ = {isa = PBXFileReference; lastKnownFileType = sourcecode.c.objc; path = AppDelegate.m; sourceTree = "<group>"; };
		280761BF1FBE653D0022F2FD /* ViewController.h */ = {isa = PBXFileReference; lastKnownFileType = sourcecode.c.h; path = ViewController.h; sourceTree = "<group>"; };
		280761C01FBE653D0022F2FD /* ViewController.m */ = {isa = PBXFileReference; lastKnownFileType = sourcecode.c.objc; path = ViewController.m; sourceTree = "<group>"; };
		280761C31FBE653D0022F2FD /* Base */ = {isa = PBXFileReference; lastKnownFileType = file.storyboard; name = Base; path = Base.lproj/Main.storyboard; sourceTree = "<group>"; };
		280761C51FBE653D0022F2FD /* Assets.xcassets */ = {isa = PBXFileReference; lastKnownFileType = folder.assetcatalog; path = Assets.xcassets; sourceTree = "<group>"; };
		280761C81FBE653D0022F2FD /* Base */ = {isa = PBXFileReference; lastKnownFileType = file.storyboard; name = Base; path = Base.lproj/LaunchScreen.storyboard; sourceTree = "<group>"; };
		280761CA1FBE653D0022F2FD /* Info.plist */ = {isa = PBXFileReference; lastKnownFileType = text.plist.xml; path = Info.plist; sourceTree = "<group>"; };
		280761CB1FBE653D0022F2FD /* main.m */ = {isa = PBXFileReference; lastKnownFileType = sourcecode.c.objc; path = main.m; sourceTree = "<group>"; };
		280761D11FBE653D0022F2FD /* UIGesture扩展手势Tests.xctest */ = {isa = PBXFileReference; explicitFileType = wrapper.cfbundle; includeInIndex = 0; path = "UIGesture扩展手势Tests.xctest"; sourceTree = BUILT_PRODUCTS_DIR; };
		280761D51FBE653D0022F2FD /* UIGesture____Tests.m */ = {isa = PBXFileReference; lastKnownFileType = sourcecode.c.objc; path = "UIGesture____Tests.m"; sourceTree = "<group>"; };
		280761D71FBE653D0022F2FD /* Info.plist */ = {isa = PBXFileReference; lastKnownFileType = text.plist.xml; path = Info.plist; sourceTree = "<group>"; };
		280761DC1FBE653D0022F2FD /* UIGesture扩展手势UITests.xctest */ = {isa = PBXFileReference; explicitFileType = wrapper.cfbundle; includeInIndex = 0; path = "UIGesture扩展手势UITests.xctest"; sourceTree = BUILT_PRODUCTS_DIR; };
		280761E01FBE653D0022F2FD /* UIGesture____UITests.m */ = {isa = PBXFileReference; lastKnownFileType = sourcecode.c.objc; path = "UIGesture____UITests.m"; sourceTree = "<group>"; };
		280761E21FBE653D0022F2FD /* Info.plist */ = {isa = PBXFileReference; lastKnownFileType = text.plist.xml; path = Info.plist; sourceTree = "<group>"; };
/* End PBXFileReference section */

/* Begin PBXFrameworksBuildPhase section */
		280761B61FBE653D0022F2FD /* Frameworks */ = {
			isa = PBXFrameworksBuildPhase;
			buildActionMask = 2147483647;
			files = (
			);
			runOnlyForDeploymentPostprocessing = 0;
		};
		280761CE1FBE653D0022F2FD /* Frameworks */ = {
			isa = PBXFrameworksBuildPhase;
			buildActionMask = 2147483647;
			files = (
			);
			runOnlyForDeploymentPostprocessing = 0;
		};
		280761D91FBE653D0022F2FD /* Frameworks */ = {
			isa = PBXFrameworksBuildPhase;
			buildActionMask = 2147483647;
			files = (
			);
			runOnlyForDeploymentPostprocessing = 0;
		};
/* End PBXFrameworksBuildPhase section */

/* Begin PBXGroup section */
		280761B01FBE653D0022F2FD = {
			isa = PBXGroup;
			children = (
				280761BB1FBE653D0022F2FD /* UIGesture扩展手势 */,
				280761D41FBE653D0022F2FD /* UIGesture扩展手势Tests */,
				280761DF1FBE653D0022F2FD /* UIGesture扩展手势UITests */,
				280761BA1FBE653D0022F2FD /* Products */,
			);
			sourceTree = "<group>";
		};
		280761BA1FBE653D0022F2FD /* Products */ = {
			isa = PBXGroup;
			children = (
				280761B91FBE653D0022F2FD /* UIGesture扩展手势.app */,
				280761D11FBE653D0022F2FD /* UIGesture扩展手势Tests.xctest */,
				280761DC1FBE653D0022F2FD /* UIGesture扩展手势UITests.xctest */,
			);
			name = Products;
			sourceTree = "<group>";
		};
		280761BB1FBE653D0022F2FD /* UIGesture扩展手势 */ = {
			isa = PBXGroup;
			children = (
				2805416B1FBE710500E4FE7E /* 1.jpg */,
				280761BC1FBE653D0022F2FD /* AppDelegate.h */,
				280761BD1FBE653D0022F2FD /* AppDelegate.m */,
				280761BF1FBE653D0022F2FD /* ViewController.h */,
				280761C01FBE653D0022F2FD /* ViewController.m */,
				280761C21FBE653D0022F2FD /* Main.storyboard */,
				280761C51FBE653D0022F2FD /* Assets.xcassets */,
				280761C71FBE653D0022F2FD /* LaunchScreen.storyboard */,
				280761CA1FBE653D0022F2FD /* Info.plist */,
				280761CB1FBE653D0022F2FD /* main.m */,
			);
			path = "UIGesture扩展手势";
			sourceTree = "<group>";
		};
		280761D41FBE653D0022F2FD /* UIGesture扩展手势Tests */ = {
			isa = PBXGroup;
			children = (
				280761D51FBE653D0022F2FD /* UIGesture____Tests.m */,
				280761D71FBE653D0022F2FD /* Info.plist */,
			);
			path = "UIGesture扩展手势Tests";
			sourceTree = "<group>";
		};
		280761DF1FBE653D0022F2FD /* UIGesture扩展手势UITests */ = {
			isa = PBXGroup;
			children = (
				280761E01FBE653D0022F2FD /* UIGesture____UITests.m */,
				280761E21FBE653D0022F2FD /* Info.plist */,
			);
			path = "UIGesture扩展手势UITests";
			sourceTree = "<group>";
		};
/* End PBXGroup section */

/* Begin PBXNativeTarget section */
		280761B81FBE653D0022F2FD /* UIGesture扩展手势 */ = {
			isa = PBXNativeTarget;
			buildConfigurationList = 280761E51FBE653D0022F2FD /* Build configuration list for PBXNativeTarget "UIGesture扩展手势" */;
			buildPhases = (
				280761B51FBE653D0022F2FD /* Sources */,
				280761B61FBE653D0022F2FD /* Frameworks */,
				280761B71FBE653D0022F2FD /* Resources */,
			);
			buildRules = (
			);
			dependencies = (
			);
			name = "UIGesture扩展手势";
			productName = "UIGesture扩展手势";
			productReference = 280761B91FBE653D0022F2FD /* UIGesture扩展手势.app */;
			productType = "com.apple.product-type.application";
		};
		280761D01FBE653D0022F2FD /* UIGesture扩展手势Tests */ = {
			isa = PBXNativeTarget;
			buildConfigurationList = 280761E81FBE653D0022F2FD /* Build configuration list for PBXNativeTarget "UIGesture扩展手势Tests" */;
			buildPhases = (
				280761CD1FBE653D0022F2FD /* Sources */,
				280761CE1FBE653D0022F2FD /* Frameworks */,
				280761CF1FBE653D0022F2FD /* Resources */,
			);
			buildRules = (
			);
			dependencies = (
				280761D31FBE653D0022F2FD /* PBXTargetDependency */,
			);
			name = "UIGesture扩展手势Tests";
			productName = "UIGesture扩展手势Tests";
			productReference = 280761D11FBE653D0022F2FD /* UIGesture扩展手势Tests.xctest */;
			productType = "com.apple.product-type.bundle.unit-test";
		};
		280761DB1FBE653D0022F2FD /* UIGesture扩展手势UITests */ = {
			isa = PBXNativeTarget;
			buildConfigurationList = 280761EB1FBE653D0022F2FD /* Build configuration list for PBXNativeTarget "UIGesture扩展手势UITests" */;
			buildPhases = (
				280761D81FBE653D0022F2FD /* Sources */,
				280761D91FBE653D0022F2FD /* Frameworks */,
				280761DA1FBE653D0022F2FD /* Resources */,
			);
			buildRules = (
			);
			dependencies = (
				280761DE1FBE653D0022F2FD /* PBXTargetDependency */,
			);
			name = "UIGesture扩展手势UITests";
			productName = "UIGesture扩展手势UITests";
			productReference = 280761DC1FBE653D0022F2FD /* UIGesture扩展手势UITests.xctest */;
			productType = "com.apple.product-type.bundle.ui-testing";
		};
/* End PBXNativeTarget section */

/* Begin PBXProject section */
		280761B11FBE653D0022F2FD /* Project object */ = {
			isa = PBXProject;
			attributes = {
				LastUpgradeCheck = 0910;
				ORGANIZATIONNAME = Hades;
				TargetAttributes = {
					280761B81FBE653D0022F2FD = {
						CreatedOnToolsVersion = 9.1;
						ProvisioningStyle = Automatic;
					};
					280761D01FBE653D0022F2FD = {
						CreatedOnToolsVersion = 9.1;
						ProvisioningStyle = Automatic;
						TestTargetID = 280761B81FBE653D0022F2FD;
					};
					280761DB1FBE653D0022F2FD = {
						CreatedOnToolsVersion = 9.1;
						ProvisioningStyle = Automatic;
						TestTargetID = 280761B81FBE653D0022F2FD;
					};
				};
			};
			buildConfigurationList = 280761B41FBE653D0022F2FD /* Build configuration list for PBXProject "UIGesture扩展手势" */;
			compatibilityVersion = "Xcode 8.0";
			developmentRegion = en;
			hasScannedForEncodings = 0;
			knownRegions = (
				en,
				Base,
			);
			mainGroup = 280761B01FBE653D0022F2FD;
			productRefGroup = 280761BA1FBE653D0022F2FD /* Products */;
			projectDirPath = "";
			projectRoot = "";
			targets = (
				280761B81FBE653D0022F2FD /* UIGesture扩展手势 */,
				280761D01FBE653D0022F2FD /* UIGesture扩展手势Tests */,
				280761DB1FBE653D0022F2FD /* UIGesture扩展手势UITests */,
			);
		};
/* End PBXProject section */

/* Begin PBXResourcesBuildPhase section */
		280761B71FBE653D0022F2FD /* Resources */ = {
			isa = PBXResourcesBuildPhase;
			buildActionMask = 2147483647;
			files = (
				280761C91FBE653D0022F2FD /* LaunchScreen.storyboard in Resources */,
				2805416C1FBE710600E4FE7E /* 1.jpg in Resources */,
				280761C61FBE653D0022F2FD /* Assets.xcassets in Resources */,
				280761C41FBE653D0022F2FD /* Main.storyboard in Resources */,
			);
			runOnlyForDeploymentPostprocessing = 0;
		};
		280761CF1FBE653D0022F2FD /* Resources */ = {
			isa = PBXResourcesBuildPhase;
			buildActionMask = 2147483647;
			files = (
			);
			runOnlyForDeploymentPostprocessing = 0;
		};
		280761DA1FBE653D0022F2FD /* Resources */ = {
			isa = PBXResourcesBuildPhase;
			buildActionMask = 2147483647;
			files = (
			);
			runOnlyForDeploymentPostprocessing = 0;
		};
/* End PBXResourcesBuildPhase section */

/* Begin PBXSourcesBuildPhase section */
		280761B51FBE653D0022F2FD /* Sources */ = {
			isa = PBXSourcesBuildPhase;
			buildActionMask = 2147483647;
			files = (
				280761C11FBE653D0022F2FD /* ViewController.m in Sources */,
				280761CC1FBE653D0022F2FD /* main.m in Sources */,
				280761BE1FBE653D0022F2FD /* AppDelegate.m in Sources */,
			);
			runOnlyForDeploymentPostprocessing = 0;
		};
		280761CD1FBE653D0022F2FD /* Sources */ = {
			isa = PBXSourcesBuildPhase;
			buildActionMask = 2147483647;
			files = (
				280761D61FBE653D0022F2FD /* UIGesture____Tests.m in Sources */,
			);
			runOnlyForDeploymentPostprocessing = 0;
		};
		280761D81FBE653D0022F2FD /* Sources */ = {
			isa = PBXSourcesBuildPhase;
			buildActionMask = 2147483647;
			files = (
				280761E11FBE653D0022F2FD /* UIGesture____UITests.m in Sources */,
			);
			runOnlyForDeploymentPostprocessing = 0;
		};
/* End PBXSourcesBuildPhase section */

/* Begin PBXTargetDependency section */
		280761D31FBE653D0022F2FD /* PBXTargetDependency */ = {
			isa = PBXTargetDependency;
			target = 280761B81FBE653D0022F2FD /* UIGesture扩展手势 */;
			targetProxy = 280761D21FBE653D0022F2FD /* PBXContainerItemProxy */;
		};
		280761DE1FBE653D0022F2FD /* PBXTargetDependency */ = {
			isa = PBXTargetDependency;
			target = 280761B81FBE653D0022F2FD /* UIGesture扩展手势 */;
			targetProxy = 280761DD1FBE653D0022F2FD /* PBXContainerItemProxy */;
		};
/* End PBXTargetDependency section */

/* Begin PBXVariantGroup section */
		280761C21FBE653D0022F2FD /* Main.storyboard */ = {
			isa = PBXVariantGroup;
			children = (
				280761C31FBE653D0022F2FD /* Base */,
			);
			name = Main.storyboard;
			sourceTree = "<group>";
		};
		280761C71FBE653D0022F2FD /* LaunchScreen.storyboard */ = {
			isa = PBXVariantGroup;
			children = (
				280761C81FBE653D0022F2FD /* Base */,
			);
			name = LaunchScreen.storyboard;
			sourceTree = "<group>";
		};
/* End PBXVariantGroup section */

/* Begin XCBuildConfiguration section */
		280761E31FBE653D0022F2FD /* Debug */ = {
			isa = XCBuildConfiguration;
			buildSettings = {
				ALWAYS_SEARCH_USER_PATHS = NO;
				CLANG_ANALYZER_NONNULL = YES;
				CLANG_ANALYZER_NUMBER_OBJECT_CONVERSION = YES_AGGRESSIVE;
				CLANG_CXX_LANGUAGE_STANDARD = "gnu++14";
				CLANG_CXX_LIBRARY = "libc++";
				CLANG_ENABLE_MODULES = YES;
				CLANG_ENABLE_OBJC_ARC = YES;
				CLANG_WARN_BLOCK_CAPTURE_AUTORELEASING = YES;
				CLANG_WARN_BOOL_CONVERSION = YES;
				CLANG_WARN_COMMA = YES;
				CLANG_WARN_CONSTANT_CONVERSION = YES;
				CLANG_WARN_DIRECT_OBJC_ISA_USAGE = YES_ERROR;
				CLANG_WARN_DOCUMENTATION_COMMENTS = YES;
				CLANG_WARN_EMPTY_BODY = YES;
				CLANG_WARN_ENUM_CONVERSION = YES;
				CLANG_WARN_INFINITE_RECURSION = YES;
				CLANG_WARN_INT_CONVERSION = YES;
				CLANG_WARN_NON_LITERAL_NULL_CONVERSION = YES;
				CLANG_WARN_OBJC_LITERAL_CONVERSION = YES;
				CLANG_WARN_OBJC_ROOT_CLASS = YES_ERROR;
				CLANG_WARN_RANGE_LOOP_ANALYSIS = YES;
				CLANG_WARN_STRICT_PROTOTYPES = YES;
				CLANG_WARN_SUSPICIOUS_MOVE = YES;
				CLANG_WARN_UNGUARDED_AVAILABILITY = YES_AGGRESSIVE;
				CLANG_WARN_UNREACHABLE_CODE = YES;
				CLANG_WARN__DUPLICATE_METHOD_MATCH = YES;
				CODE_SIGN_IDENTITY = "iPhone Developer";
				COPY_PHASE_STRIP = NO;
				DEBUG_INFORMATION_FORMAT = dwarf;
				ENABLE_STRICT_OBJC_MSGSEND = YES;
				ENABLE_TESTABILITY = YES;
				GCC_C_LANGUAGE_STANDARD = gnu11;
				GCC_DYNAMIC_NO_PIC = NO;
				GCC_NO_COMMON_BLOCKS = YES;
				GCC_OPTIMIZATION_LEVEL = 0;
				GCC_PREPROCESSOR_DEFINITIONS = (
					"DEBUG=1",
					"$(inherited)",
				);
				GCC_WARN_64_TO_32_BIT_CONVERSION = YES;
				GCC_WARN_ABOUT_RETURN_TYPE = YES_ERROR;
				GCC_WARN_UNDECLARED_SELECTOR = YES;
				GCC_WARN_UNINITIALIZED_AUTOS = YES_AGGRESSIVE;
				GCC_WARN_UNUSED_FUNCTION = YES;
				GCC_WARN_UNUSED_VARIABLE = YES;
				IPHONEOS_DEPLOYMENT_TARGET = 11.1;
				MTL_ENABLE_DEBUG_INFO = YES;
				ONLY_ACTIVE_ARCH = YES;
				SDKROOT = iphoneos;
			};
			name = Debug;
		};
		280761E41FBE653D0022F2FD /* Release */ = {
			isa = XCBuildConfiguration;
			buildSettings = {
				ALWAYS_SEARCH_USER_PATHS = NO;
				CLANG_ANALYZER_NONNULL = YES;
				CLANG_ANALYZER_NUMBER_OBJECT_CONVERSION = YES_AGGRESSIVE;
				CLANG_CXX_LANGUAGE_STANDARD = "gnu++14";
				CLANG_CXX_LIBRARY = "libc++";
				CLANG_ENABLE_MODULES = YES;
				CLANG_ENABLE_OBJC_ARC = YES;
				CLANG_WARN_BLOCK_CAPTURE_AUTORELEASING = YES;
				CLANG_WARN_BOOL_CONVERSION = YES;
				CLANG_WARN_COMMA = YES;
				CLANG_WARN_CONSTANT_CONVERSION = YES;
				CLANG_WARN_DIRECT_OBJC_ISA_USAGE = YES_ERROR;
				CLANG_WARN_DOCUMENTATION_COMMENTS = YES;
				CLANG_WARN_EMPTY_BODY = YES;
				CLANG_WARN_ENUM_CONVERSION = YES;
				CLANG_WARN_INFINITE_RECURSION = YES;
				CLANG_WARN_INT_CONVERSION = YES;
				CLANG_WARN_NON_LITERAL_NULL_CONVERSION = YES;
				CLANG_WARN_OBJC_LITERAL_CONVERSION = YES;
				CLANG_WARN_OBJC_ROOT_CLASS = YES_ERROR;
				CLANG_WARN_RANGE_LOOP_ANALYSIS = YES;
				CLANG_WARN_STRICT_PROTOTYPES = YES;
				CLANG_WARN_SUSPICIOUS_MOVE = YES;
				CLANG_WARN_UNGUARDED_AVAILABILITY = YES_AGGRESSIVE;
				CLANG_WARN_UNREACHABLE_CODE = YES;
				CLANG_WARN__DUPLICATE_METHOD_MATCH = YES;
				CODE_SIGN_IDENTITY = "iPhone Developer";
				COPY_PHASE_STRIP = NO;
				DEBUG_INFORMATION_FORMAT = "dwarf-with-dsym";
				ENABLE_NS_ASSERTIONS = NO;
				ENABLE_STRICT_OBJC_MSGSEND = YES;
				GCC_C_LANGUAGE_STANDARD = gnu11;
				GCC_NO_COMMON_BLOCKS = YES;
				GCC_WARN_64_TO_32_BIT_CONVERSION = YES;
				GCC_WARN_ABOUT_RETURN_TYPE = YES_ERROR;
				GCC_WARN_UNDECLARED_SELECTOR = YES;
				GCC_WARN_UNINITIALIZED_AUTOS = YES_AGGRESSIVE;
				GCC_WARN_UNUSED_FUNCTION = YES;
				GCC_WARN_UNUSED_VARIABLE = YES;
				IPHONEOS_DEPLOYMENT_TARGET = 11.1;
				MTL_ENABLE_DEBUG_INFO = NO;
				SDKROOT = iphoneos;
				VALIDATE_PRODUCT = YES;
			};
			name = Release;
		};
		280761E61FBE653D0022F2FD /* Debug */ = {
			isa = XCBuildConfiguration;
			buildSettings = {
				ASSETCATALOG_COMPILER_APPICON_NAME = AppIcon;
				CODE_SIGN_STYLE = Automatic;
				DEVELOPMENT_TEAM = 89FKMN349J;
				INFOPLIST_FILE = "UIGesture扩展手势/Info.plist";
				LD_RUNPATH_SEARCH_PATHS = "$(inherited) @executable_path/Frameworks";
				PRODUCT_BUNDLE_IDENTIFIER = "whz.UIButton--";
				PRODUCT_NAME = "$(TARGET_NAME)";
				TARGETED_DEVICE_FAMILY = "1,2";
			};
			name = Debug;
		};
		280761E71FBE653D0022F2FD /* Release */ = {
			isa = XCBuildConfiguration;
			buildSettings = {
				ASSETCATALOG_COMPILER_APPICON_NAME = AppIcon;
				CODE_SIGN_STYLE = Automatic;
				DEVELOPMENT_TEAM = 89FKMN349J;
				INFOPLIST_FILE = "UIGesture扩展手势/Info.plist";
				LD_RUNPATH_SEARCH_PATHS = "$(inherited) @executable_path/Frameworks";
				PRODUCT_BUNDLE_IDENTIFIER = "whz.UIButton--";
				PRODUCT_NAME = "$(TARGET_NAME)";
				TARGETED_DEVICE_FAMILY = "1,2";
			};
			name = Release;
		};
		280761E91FBE653D0022F2FD /* Debug */ = {
			isa = XCBuildConfiguration;
			buildSettings = {
				BUNDLE_LOADER = "$(TEST_HOST)";
				CODE_SIGN_STYLE = Automatic;
				DEVELOPMENT_TEAM = 89FKMN349J;
				INFOPLIST_FILE = "UIGesture扩展手势Tests/Info.plist";
				LD_RUNPATH_SEARCH_PATHS = "$(inherited) @executable_path/Frameworks @loader_path/Frameworks";
				PRODUCT_BUNDLE_IDENTIFIER = "whz.UIGesture----Tests";
				PRODUCT_NAME = "$(TARGET_NAME)";
				TARGETED_DEVICE_FAMILY = "1,2";
				TEST_HOST = "$(BUILT_PRODUCTS_DIR)/UIGesture扩展手势.app/UIGesture扩展手势";
			};
			name = Debug;
		};
		280761EA1FBE653D0022F2FD /* Release */ = {
			isa = XCBuildConfiguration;
			buildSettings = {
				BUNDLE_LOADER = "$(TEST_HOST)";
				CODE_SIGN_STYLE = Automatic;
				DEVELOPMENT_TEAM = 89FKMN349J;
				INFOPLIST_FILE = "UIGesture扩展手势Tests/Info.plist";
				LD_RUNPATH_SEARCH_PATHS = "$(inherited) @executable_path/Frameworks @loader_path/Frameworks";
				PRODUCT_BUNDLE_IDENTIFIER = "whz.UIGesture----Tests";
				PRODUCT_NAME = "$(TARGET_NAME)";
				TARGETED_DEVICE_FAMILY = "1,2";
				TEST_HOST = "$(BUILT_PRODUCTS_DIR)/UIGesture扩展手势.app/UIGesture扩展手势";
			};
			name = Release;
		};
		280761EC1FBE653D0022F2FD /* Debug */ = {
			isa = XCBuildConfiguration;
			buildSettings = {
				CODE_SIGN_STYLE = Automatic;
				DEVELOPMENT_TEAM = 89FKMN349J;
				INFOPLIST_FILE = "UIGesture扩展手势UITests/Info.plist";
				LD_RUNPATH_SEARCH_PATHS = "$(inherited) @executable_path/Frameworks @loader_path/Frameworks";
				PRODUCT_BUNDLE_IDENTIFIER = "whz.UIGesture----UITests";
				PRODUCT_NAME = "$(TARGET_NAME)";
				TARGETED_DEVICE_FAMILY = "1,2";
				TEST_TARGET_NAME = "UIGesture扩展手势";
			};
			name = Debug;
		};
		280761ED1FBE653D0022F2FD /* Release */ = {
			isa = XCBuildConfiguration;
			buildSettings = {
				CODE_SIGN_STYLE = Automatic;
				DEVELOPMENT_TEAM = 89FKMN349J;
				INFOPLIST_FILE = "UIGesture扩展手势UITests/Info.plist";
				LD_RUNPATH_SEARCH_PATHS = "$(inherited) @executable_path/Frameworks @loader_path/Frameworks";
				PRODUCT_BUNDLE_IDENTIFIER = "whz.UIGesture----UITests";
				PRODUCT_NAME = "$(TARGET_NAME)";
				TARGETED_DEVICE_FAMILY = "1,2";
				TEST_TARGET_NAME = "UIGesture扩展手势";
			};
			name = Release;
		};
/* End XCBuildConfiguration section */

/* Begin XCConfigurationList section */
		280761B41FBE653D0022F2FD /* Build configuration list for PBXProject "UIGesture扩展手势" */ = {
			isa = XCConfigurationList;
			buildConfigurations = (
				280761E31FBE653D0022F2FD /* Debug */,
				280761E41FBE653D0022F2FD /* Release */,
			);
			defaultConfigurationIsVisible = 0;
			defaultConfigurationName = Release;
		};
		280761E51FBE653D0022F2FD /* Build configuration list for PBXNativeTarget "UIGesture扩展手势" */ = {
			isa = XCConfigurationList;
			buildConfigurations = (
				280761E61FBE653D0022F2FD /* Debug */,
				280761E71FBE653D0022F2FD /* Release */,
			);
			defaultConfigurationIsVisible = 0;
			defaultConfigurationName = Release;
		};
		280761E81FBE653D0022F2FD /* Build configuration list for PBXNativeTarget "UIGesture扩展手势Tests" */ = {
			isa = XCConfigurationList;
			buildConfigurations = (
				280761E91FBE653D0022F2FD /* Debug */,
				280761EA1FBE653D0022F2FD /* Release */,
			);
			defaultConfigurationIsVisible = 0;
			defaultConfigurationName = Release;
		};
		280761EB1FBE653D0022F2FD /* Build configuration list for PBXNativeTarget "UIGesture扩展手势UITests" */ = {
			isa = XCConfigurationList;
			buildConfigurations = (
				280761EC1FBE653D0022F2FD /* Debug */,
				280761ED1FBE653D0022F2FD /* Release */,
			);
			defaultConfigurationIsVisible = 0;
			defaultConfigurationName = Release;
		};
/* End XCConfigurationList section */
	};
	rootObject = 280761B11FBE653D0022F2FD /* Project object */;
}
