// !$*UTF8*$!
{
	archiveVersion = 1;
	classes = {
	};
	objectVersion = 48;
	objects = {

/* Begin PBXBuildFile section */
		2823B3271FB6AE47009E9488 /* AppDelegate.m in Sources */ = {isa = PBXBuildFile; fileRef = 2823B3261FB6AE47009E9488 /* AppDelegate.m */; };
		2823B32A1FB6AE47009E9488 /* ViewController.m in Sources */ = {isa = PBXBuildFile; fileRef = 2823B3291FB6AE47009E9488 /* ViewController.m */; };
		2823B32D1FB6AE47009E9488 /* Main.storyboard in Resources */ = {isa = PBXBuildFile; fileRef = 2823B32B1FB6AE47009E9488 /* Main.storyboard */; };
		2823B32F1FB6AE47009E9488 /* Assets.xcassets in Resources */ = {isa = PBXBuildFile; fileRef = 2823B32E1FB6AE47009E9488 /* Assets.xcassets */; };
		2823B3321FB6AE47009E9488 /* LaunchScreen.storyboard in Resources */ = {isa = PBXBuildFile; fileRef = 2823B3301FB6AE47009E9488 /* LaunchScreen.storyboard */; };
		2823B3351FB6AE47009E9488 /* main.m in Sources */ = {isa = PBXBuildFile; fileRef = 2823B3341FB6AE47009E9488 /* main.m */; };
		2823B33F1FB6AE47009E9488 /* UIViewController__Tests.m in Sources */ = {isa = PBXBuildFile; fileRef = 2823B33E1FB6AE47009E9488 /* UIViewController__Tests.m */; };
		2823B34A1FB6AE47009E9488 /* UIViewController__UITests.m in Sources */ = {isa = PBXBuildFile; fileRef = 2823B3491FB6AE47009E9488 /* UIViewController__UITests.m */; };
		2823B3591FB6D63A009E9488 /* ViewController02.m in Sources */ = {isa = PBXBuildFile; fileRef = 2823B3581FB6D63A009E9488 /* ViewController02.m */; };
/* End PBXBuildFile section */

/* Begin PBXContainerItemProxy section */
		2823B33B1FB6AE47009E9488 /* PBXContainerItemProxy */ = {
			isa = PBXContainerItemProxy;
			containerPortal = 2823B31A1FB6AE47009E9488 /* Project object */;
			proxyType = 1;
			remoteGlobalIDString = 2823B3211FB6AE47009E9488;
			remoteInfo = "UIViewController使用";
		};
		2823B3461FB6AE47009E9488 /* PBXContainerItemProxy */ = {
			isa = PBXContainerItemProxy;
			containerPortal = 2823B31A1FB6AE47009E9488 /* Project object */;
			proxyType = 1;
			remoteGlobalIDString = 2823B3211FB6AE47009E9488;
			remoteInfo = "UIViewController使用";
		};
/* End PBXContainerItemProxy section */

/* Begin PBXFileReference section */
		2823B3221FB6AE47009E9488 /* UIViewController使用.app */ = {isa = PBXFileReference; explicitFileType = wrapper.application; includeInIndex = 0; path = "UIViewController使用.app"; sourceTree = BUILT_PRODUCTS_DIR; };
		2823B3251FB6AE47009E9488 /* AppDelegate.h */ = {isa = PBXFileReference; lastKnownFileType = sourcecode.c.h; path = AppDelegate.h; sourceTree = "<group>"; };
		2823B3261FB6AE47009E9488 /* AppDelegate.m */ = {isa = PBXFileReference; lastKnownFileType = sourcecode.c.objc; path = AppDelegate.m; sourceTree = "<group>"; };
		2823B3281FB6AE47009E9488 /* ViewController.h */ = {isa = PBXFileReference; lastKnownFileType = sourcecode.c.h; path = ViewController.h; sourceTree = "<group>"; };
		2823B3291FB6AE47009E9488 /* ViewController.m */ = {isa = PBXFileReference; lastKnownFileType = sourcecode.c.objc; path = ViewController.m; sourceTree = "<group>"; };
		2823B32C1FB6AE47009E9488 /* Base */ = {isa = PBXFileReference; lastKnownFileType = file.storyboard; name = Base; path = Base.lproj/Main.storyboard; sourceTree = "<group>"; };
		2823B32E1FB6AE47009E9488 /* Assets.xcassets */ = {isa = PBXFileReference; lastKnownFileType = folder.assetcatalog; path = Assets.xcassets; sourceTree = "<group>"; };
		2823B3311FB6AE47009E9488 /* Base */ = {isa = PBXFileReference; lastKnownFileType = file.storyboard; name = Base; path = Base.lproj/LaunchScreen.storyboard; sourceTree = "<group>"; };
		2823B3331FB6AE47009E9488 /* Info.plist */ = {isa = PBXFileReference; lastKnownFileType = text.plist.xml; path = Info.plist; sourceTree = "<group>"; };
		2823B3341FB6AE47009E9488 /* main.m */ = {isa = PBXFileReference; lastKnownFileType = sourcecode.c.objc; path = main.m; sourceTree = "<group>"; };
		2823B33A1FB6AE47009E9488 /* UIViewController使用Tests.xctest */ = {isa = PBXFileReference; explicitFileType = wrapper.cfbundle; includeInIndex = 0; path = "UIViewController使用Tests.xctest"; sourceTree = BUILT_PRODUCTS_DIR; };
		2823B33E1FB6AE47009E9488 /* UIViewController__Tests.m */ = {isa = PBXFileReference; lastKnownFileType = sourcecode.c.objc; path = UIViewController__Tests.m; sourceTree = "<group>"; };
		2823B3401FB6AE47009E9488 /* Info.plist */ = {isa = PBXFileReference; lastKnownFileType = text.plist.xml; path = Info.plist; sourceTree = "<group>"; };
		2823B3451FB6AE47009E9488 /* UIViewController使用UITests.xctest */ = {isa = PBXFileReference; explicitFileType = wrapper.cfbundle; includeInIndex = 0; path = "UIViewController使用UITests.xctest"; sourceTree = BUILT_PRODUCTS_DIR; };
		2823B3491FB6AE47009E9488 /* UIViewController__UITests.m */ = {isa = PBXFileReference; lastKnownFileType = sourcecode.c.objc; path = UIViewController__UITests.m; sourceTree = "<group>"; };
		2823B34B1FB6AE47009E9488 /* Info.plist */ = {isa = PBXFileReference; lastKnownFileType = text.plist.xml; path = Info.plist; sourceTree = "<group>"; };
		2823B3571FB6D63A009E9488 /* ViewController02.h */ = {isa = PBXFileReference; lastKnownFileType = sourcecode.c.h; path = ViewController02.h; sourceTree = "<group>"; };
		2823B3581FB6D63A009E9488 /* ViewController02.m */ = {isa = PBXFileReference; lastKnownFileType = sourcecode.c.objc; path = ViewController02.m; sourceTree = "<group>"; };
/* End PBXFileReference section */

/* Begin PBXFrameworksBuildPhase section */
		2823B31F1FB6AE47009E9488 /* Frameworks */ = {
			isa = PBXFrameworksBuildPhase;
			buildActionMask = 2147483647;
			files = (
			);
			runOnlyForDeploymentPostprocessing = 0;
		};
		2823B3371FB6AE47009E9488 /* Frameworks */ = {
			isa = PBXFrameworksBuildPhase;
			buildActionMask = 2147483647;
			files = (
			);
			runOnlyForDeploymentPostprocessing = 0;
		};
		2823B3421FB6AE47009E9488 /* Frameworks */ = {
			isa = PBXFrameworksBuildPhase;
			buildActionMask = 2147483647;
			files = (
			);
			runOnlyForDeploymentPostprocessing = 0;
		};
/* End PBXFrameworksBuildPhase section */

/* Begin PBXGroup section */
		2823B3191FB6AE47009E9488 = {
			isa = PBXGroup;
			children = (
				2823B3571FB6D63A009E9488 /* ViewController02.h */,
				2823B3581FB6D63A009E9488 /* ViewController02.m */,
				2823B3241FB6AE47009E9488 /* UIViewController使用 */,
				2823B33D1FB6AE47009E9488 /* UIViewController使用Tests */,
				2823B3481FB6AE47009E9488 /* UIViewController使用UITests */,
				2823B3231FB6AE47009E9488 /* Products */,
			);
			sourceTree = "<group>";
		};
		2823B3231FB6AE47009E9488 /* Products */ = {
			isa = PBXGroup;
			children = (
				2823B3221FB6AE47009E9488 /* UIViewController使用.app */,
				2823B33A1FB6AE47009E9488 /* UIViewController使用Tests.xctest */,
				2823B3451FB6AE47009E9488 /* UIViewController使用UITests.xctest */,
			);
			name = Products;
			sourceTree = "<group>";
		};
		2823B3241FB6AE47009E9488 /* UIViewController使用 */ = {
			isa = PBXGroup;
			children = (
				2823B3251FB6AE47009E9488 /* AppDelegate.h */,
				2823B3261FB6AE47009E9488 /* AppDelegate.m */,
				2823B3281FB6AE47009E9488 /* ViewController.h */,
				2823B3291FB6AE47009E9488 /* ViewController.m */,
				2823B32B1FB6AE47009E9488 /* Main.storyboard */,
				2823B32E1FB6AE47009E9488 /* Assets.xcassets */,
				2823B3301FB6AE47009E9488 /* LaunchScreen.storyboard */,
				2823B3331FB6AE47009E9488 /* Info.plist */,
				2823B3341FB6AE47009E9488 /* main.m */,
			);
			path = "UIViewController使用";
			sourceTree = "<group>";
		};
		2823B33D1FB6AE47009E9488 /* UIViewController使用Tests */ = {
			isa = PBXGroup;
			children = (
				2823B33E1FB6AE47009E9488 /* UIViewController__Tests.m */,
				2823B3401FB6AE47009E9488 /* Info.plist */,
			);
			path = "UIViewController使用Tests";
			sourceTree = "<group>";
		};
		2823B3481FB6AE47009E9488 /* UIViewController使用UITests */ = {
			isa = PBXGroup;
			children = (
				2823B3491FB6AE47009E9488 /* UIViewController__UITests.m */,
				2823B34B1FB6AE47009E9488 /* Info.plist */,
			);
			path = "UIViewController使用UITests";
			sourceTree = "<group>";
		};
/* End PBXGroup section */

/* Begin PBXNativeTarget section */
		2823B3211FB6AE47009E9488 /* UIViewController使用 */ = {
			isa = PBXNativeTarget;
			buildConfigurationList = 2823B34E1FB6AE47009E9488 /* Build configuration list for PBXNativeTarget "UIViewController使用" */;
			buildPhases = (
				2823B31E1FB6AE47009E9488 /* Sources */,
				2823B31F1FB6AE47009E9488 /* Frameworks */,
				2823B3201FB6AE47009E9488 /* Resources */,
			);
			buildRules = (
			);
			dependencies = (
			);
			name = "UIViewController使用";
			productName = "UIViewController使用";
			productReference = 2823B3221FB6AE47009E9488 /* UIViewController使用.app */;
			productType = "com.apple.product-type.application";
		};
		2823B3391FB6AE47009E9488 /* UIViewController使用Tests */ = {
			isa = PBXNativeTarget;
			buildConfigurationList = 2823B3511FB6AE47009E9488 /* Build configuration list for PBXNativeTarget "UIViewController使用Tests" */;
			buildPhases = (
				2823B3361FB6AE47009E9488 /* Sources */,
				2823B3371FB6AE47009E9488 /* Frameworks */,
				2823B3381FB6AE47009E9488 /* Resources */,
			);
			buildRules = (
			);
			dependencies = (
				2823B33C1FB6AE47009E9488 /* PBXTargetDependency */,
			);
			name = "UIViewController使用Tests";
			productName = "UIViewController使用Tests";
			productReference = 2823B33A1FB6AE47009E9488 /* UIViewController使用Tests.xctest */;
			productType = "com.apple.product-type.bundle.unit-test";
		};
		2823B3441FB6AE47009E9488 /* UIViewController使用UITests */ = {
			isa = PBXNativeTarget;
			buildConfigurationList = 2823B3541FB6AE47009E9488 /* Build configuration list for PBXNativeTarget "UIViewController使用UITests" */;
			buildPhases = (
				2823B3411FB6AE47009E9488 /* Sources */,
				2823B3421FB6AE47009E9488 /* Frameworks */,
				2823B3431FB6AE47009E9488 /* Resources */,
			);
			buildRules = (
			);
			dependencies = (
				2823B3471FB6AE47009E9488 /* PBXTargetDependency */,
			);
			name = "UIViewController使用UITests";
			productName = "UIViewController使用UITests";
			productReference = 2823B3451FB6AE47009E9488 /* UIViewController使用UITests.xctest */;
			productType = "com.apple.product-type.bundle.ui-testing";
		};
/* End PBXNativeTarget section */

/* Begin PBXProject section */
		2823B31A1FB6AE47009E9488 /* Project object */ = {
			isa = PBXProject;
			attributes = {
				LastUpgradeCheck = 0910;
				ORGANIZATIONNAME = Hades;
				TargetAttributes = {
					2823B3211FB6AE47009E9488 = {
						CreatedOnToolsVersion = 9.1;
						ProvisioningStyle = Automatic;
					};
					2823B3391FB6AE47009E9488 = {
						CreatedOnToolsVersion = 9.1;
						ProvisioningStyle = Automatic;
						TestTargetID = 2823B3211FB6AE47009E9488;
					};
					2823B3441FB6AE47009E9488 = {
						CreatedOnToolsVersion = 9.1;
						ProvisioningStyle = Automatic;
						TestTargetID = 2823B3211FB6AE47009E9488;
					};
				};
			};
			buildConfigurationList = 2823B31D1FB6AE47009E9488 /* Build configuration list for PBXProject "UIViewController使用" */;
			compatibilityVersion = "Xcode 8.0";
			developmentRegion = en;
			hasScannedForEncodings = 0;
			knownRegions = (
				en,
				Base,
			);
			mainGroup = 2823B3191FB6AE47009E9488;
			productRefGroup = 2823B3231FB6AE47009E9488 /* Products */;
			projectDirPath = "";
			projectRoot = "";
			targets = (
				2823B3211FB6AE47009E9488 /* UIViewController使用 */,
				2823B3391FB6AE47009E9488 /* UIViewController使用Tests */,
				2823B3441FB6AE47009E9488 /* UIViewController使用UITests */,
			);
		};
/* End PBXProject section */

/* Begin PBXResourcesBuildPhase section */
		2823B3201FB6AE47009E9488 /* Resources */ = {
			isa = PBXResourcesBuildPhase;
			buildActionMask = 2147483647;
			files = (
				2823B3321FB6AE47009E9488 /* LaunchScreen.storyboard in Resources */,
				2823B32F1FB6AE47009E9488 /* Assets.xcassets in Resources */,
				2823B32D1FB6AE47009E9488 /* Main.storyboard in Resources */,
			);
			runOnlyForDeploymentPostprocessing = 0;
		};
		2823B3381FB6AE47009E9488 /* Resources */ = {
			isa = PBXResourcesBuildPhase;
			buildActionMask = 2147483647;
			files = (
			);
			runOnlyForDeploymentPostprocessing = 0;
		};
		2823B3431FB6AE47009E9488 /* Resources */ = {
			isa = PBXResourcesBuildPhase;
			buildActionMask = 2147483647;
			files = (
			);
			runOnlyForDeploymentPostprocessing = 0;
		};
/* End PBXResourcesBuildPhase section */

/* Begin PBXSourcesBuildPhase section */
		2823B31E1FB6AE47009E9488 /* Sources */ = {
			isa = PBXSourcesBuildPhase;
			buildActionMask = 2147483647;
			files = (
				2823B32A1FB6AE47009E9488 /* ViewController.m in Sources */,
				2823B3351FB6AE47009E9488 /* main.m in Sources */,
				2823B3591FB6D63A009E9488 /* ViewController02.m in Sources */,
				2823B3271FB6AE47009E9488 /* AppDelegate.m in Sources */,
			);
			runOnlyForDeploymentPostprocessing = 0;
		};
		2823B3361FB6AE47009E9488 /* Sources */ = {
			isa = PBXSourcesBuildPhase;
			buildActionMask = 2147483647;
			files = (
				2823B33F1FB6AE47009E9488 /* UIViewController__Tests.m in Sources */,
			);
			runOnlyForDeploymentPostprocessing = 0;
		};
		2823B3411FB6AE47009E9488 /* Sources */ = {
			isa = PBXSourcesBuildPhase;
			buildActionMask = 2147483647;
			files = (
				2823B34A1FB6AE47009E9488 /* UIViewController__UITests.m in Sources */,
			);
			runOnlyForDeploymentPostprocessing = 0;
		};
/* End PBXSourcesBuildPhase section */

/* Begin PBXTargetDependency section */
		2823B33C1FB6AE47009E9488 /* PBXTargetDependency */ = {
			isa = PBXTargetDependency;
			target = 2823B3211FB6AE47009E9488 /* UIViewController使用 */;
			targetProxy = 2823B33B1FB6AE47009E9488 /* PBXContainerItemProxy */;
		};
		2823B3471FB6AE47009E9488 /* PBXTargetDependency */ = {
			isa = PBXTargetDependency;
			target = 2823B3211FB6AE47009E9488 /* UIViewController使用 */;
			targetProxy = 2823B3461FB6AE47009E9488 /* PBXContainerItemProxy */;
		};
/* End PBXTargetDependency section */

/* Begin PBXVariantGroup section */
		2823B32B1FB6AE47009E9488 /* Main.storyboard */ = {
			isa = PBXVariantGroup;
			children = (
				2823B32C1FB6AE47009E9488 /* Base */,
			);
			name = Main.storyboard;
			sourceTree = "<group>";
		};
		2823B3301FB6AE47009E9488 /* LaunchScreen.storyboard */ = {
			isa = PBXVariantGroup;
			children = (
				2823B3311FB6AE47009E9488 /* Base */,
			);
			name = LaunchScreen.storyboard;
			sourceTree = "<group>";
		};
/* End PBXVariantGroup section */

/* Begin XCBuildConfiguration section */
		2823B34C1FB6AE47009E9488 /* Debug */ = {
			isa = XCBuildConfiguration;
			buildSettings = {
				ALWAYS_SEARCH_USER_PATHS = NO;
				CLANG_ANALYZER_NONNULL = YES;
				CLANG_ANALYZER_NUMBER_OBJECT_CONVERSION = YES_AGGRESSIVE;
				CLANG_CXX_LANGUAGE_STANDARD = "gnu++14";
				CLANG_CXX_LIBRARY = "libc++";
				CLANG_ENABLE_MODULES = YES;
				CLANG_ENABLE_OBJC_ARC = YES;
				CLANG_WARN_BLOCK_CAPTURE_AUTORELEASING = YES;
				CLANG_WARN_BOOL_CONVERSION = YES;
				CLANG_WARN_COMMA = YES;
				CLANG_WARN_CONSTANT_CONVERSION = YES;
				CLANG_WARN_DIRECT_OBJC_ISA_USAGE = YES_ERROR;
				CLANG_WARN_DOCUMENTATION_COMMENTS = YES;
				CLANG_WARN_EMPTY_BODY = YES;
				CLANG_WARN_ENUM_CONVERSION = YES;
				CLANG_WARN_INFINITE_RECURSION = YES;
				CLANG_WARN_INT_CONVERSION = YES;
				CLANG_WARN_NON_LITERAL_NULL_CONVERSION = YES;
				CLANG_WARN_OBJC_LITERAL_CONVERSION = YES;
				CLANG_WARN_OBJC_ROOT_CLASS = YES_ERROR;
				CLANG_WARN_RANGE_LOOP_ANALYSIS = YES;
				CLANG_WARN_STRICT_PROTOTYPES = YES;
				CLANG_WARN_SUSPICIOUS_MOVE = YES;
				CLANG_WARN_UNGUARDED_AVAILABILITY = YES_AGGRESSIVE;
				CLANG_WARN_UNREACHABLE_CODE = YES;
				CLANG_WARN__DUPLICATE_METHOD_MATCH = YES;
				CODE_SIGN_IDENTITY = "iPhone Developer";
				COPY_PHASE_STRIP = NO;
				DEBUG_INFORMATION_FORMAT = dwarf;
				ENABLE_STRICT_OBJC_MSGSEND = YES;
				ENABLE_TESTABILITY = YES;
				GCC_C_LANGUAGE_STANDARD = gnu11;
				GCC_DYNAMIC_NO_PIC = NO;
				GCC_NO_COMMON_BLOCKS = YES;
				GCC_OPTIMIZATION_LEVEL = 0;
				GCC_PREPROCESSOR_DEFINITIONS = (
					"DEBUG=1",
					"$(inherited)",
				);
				GCC_WARN_64_TO_32_BIT_CONVERSION = YES;
				GCC_WARN_ABOUT_RETURN_TYPE = YES_ERROR;
				GCC_WARN_UNDECLARED_SELECTOR = YES;
				GCC_WARN_UNINITIALIZED_AUTOS = YES_AGGRESSIVE;
				GCC_WARN_UNUSED_FUNCTION = YES;
				GCC_WARN_UNUSED_VARIABLE = YES;
				IPHONEOS_DEPLOYMENT_TARGET = 11.1;
				MTL_ENABLE_DEBUG_INFO = YES;
				ONLY_ACTIVE_ARCH = YES;
				SDKROOT = iphoneos;
			};
			name = Debug;
		};
		2823B34D1FB6AE47009E9488 /* Release */ = {
			isa = XCBuildConfiguration;
			buildSettings = {
				ALWAYS_SEARCH_USER_PATHS = NO;
				CLANG_ANALYZER_NONNULL = YES;
				CLANG_ANALYZER_NUMBER_OBJECT_CONVERSION = YES_AGGRESSIVE;
				CLANG_CXX_LANGUAGE_STANDARD = "gnu++14";
				CLANG_CXX_LIBRARY = "libc++";
				CLANG_ENABLE_MODULES = YES;
				CLANG_ENABLE_OBJC_ARC = YES;
				CLANG_WARN_BLOCK_CAPTURE_AUTORELEASING = YES;
				CLANG_WARN_BOOL_CONVERSION = YES;
				CLANG_WARN_COMMA = YES;
				CLANG_WARN_CONSTANT_CONVERSION = YES;
				CLANG_WARN_DIRECT_OBJC_ISA_USAGE = YES_ERROR;
				CLANG_WARN_DOCUMENTATION_COMMENTS = YES;
				CLANG_WARN_EMPTY_BODY = YES;
				CLANG_WARN_ENUM_CONVERSION = YES;
				CLANG_WARN_INFINITE_RECURSION = YES;
				CLANG_WARN_INT_CONVERSION = YES;
				CLANG_WARN_NON_LITERAL_NULL_CONVERSION = YES;
				CLANG_WARN_OBJC_LITERAL_CONVERSION = YES;
				CLANG_WARN_OBJC_ROOT_CLASS = YES_ERROR;
				CLANG_WARN_RANGE_LOOP_ANALYSIS = YES;
				CLANG_WARN_STRICT_PROTOTYPES = YES;
				CLANG_WARN_SUSPICIOUS_MOVE = YES;
				CLANG_WARN_UNGUARDED_AVAILABILITY = YES_AGGRESSIVE;
				CLANG_WARN_UNREACHABLE_CODE = YES;
				CLANG_WARN__DUPLICATE_METHOD_MATCH = YES;
				CODE_SIGN_IDENTITY = "iPhone Developer";
				COPY_PHASE_STRIP = NO;
				DEBUG_INFORMATION_FORMAT = "dwarf-with-dsym";
				ENABLE_NS_ASSERTIONS = NO;
				ENABLE_STRICT_OBJC_MSGSEND = YES;
				GCC_C_LANGUAGE_STANDARD = gnu11;
				GCC_NO_COMMON_BLOCKS = YES;
				GCC_WARN_64_TO_32_BIT_CONVERSION = YES;
				GCC_WARN_ABOUT_RETURN_TYPE = YES_ERROR;
				GCC_WARN_UNDECLARED_SELECTOR = YES;
				GCC_WARN_UNINITIALIZED_AUTOS = YES_AGGRESSIVE;
				GCC_WARN_UNUSED_FUNCTION = YES;
				GCC_WARN_UNUSED_VARIABLE = YES;
				IPHONEOS_DEPLOYMENT_TARGET = 11.1;
				MTL_ENABLE_DEBUG_INFO = NO;
				SDKROOT = iphoneos;
				VALIDATE_PRODUCT = YES;
			};
			name = Release;
		};
		2823B34F1FB6AE47009E9488 /* Debug */ = {
			isa = XCBuildConfiguration;
			buildSettings = {
				ASSETCATALOG_COMPILER_APPICON_NAME = AppIcon;
				CODE_SIGN_STYLE = Automatic;
				DEVELOPMENT_TEAM = 89FKMN349J;
				INFOPLIST_FILE = "UIViewController使用/Info.plist";
				LD_RUNPATH_SEARCH_PATHS = "$(inherited) @executable_path/Frameworks";
				PRODUCT_BUNDLE_IDENTIFIER = "whz.UIButton--";
				PRODUCT_NAME = "$(TARGET_NAME)";
				TARGETED_DEVICE_FAMILY = "1,2";
			};
			name = Debug;
		};
		2823B3501FB6AE47009E9488 /* Release */ = {
			isa = XCBuildConfiguration;
			buildSettings = {
				ASSETCATALOG_COMPILER_APPICON_NAME = AppIcon;
				CODE_SIGN_STYLE = Automatic;
				DEVELOPMENT_TEAM = 89FKMN349J;
				INFOPLIST_FILE = "UIViewController使用/Info.plist";
				LD_RUNPATH_SEARCH_PATHS = "$(inherited) @executable_path/Frameworks";
				PRODUCT_BUNDLE_IDENTIFIER = "whz.UIButton--";
				PRODUCT_NAME = "$(TARGET_NAME)";
				TARGETED_DEVICE_FAMILY = "1,2";
			};
			name = Release;
		};
		2823B3521FB6AE47009E9488 /* Debug */ = {
			isa = XCBuildConfiguration;
			buildSettings = {
				BUNDLE_LOADER = "$(TEST_HOST)";
				CODE_SIGN_STYLE = Automatic;
				DEVELOPMENT_TEAM = 89FKMN349J;
				INFOPLIST_FILE = "UIViewController使用Tests/Info.plist";
				LD_RUNPATH_SEARCH_PATHS = "$(inherited) @executable_path/Frameworks @loader_path/Frameworks";
				PRODUCT_BUNDLE_IDENTIFIER = "whz.UIViewController--Tests";
				PRODUCT_NAME = "$(TARGET_NAME)";
				TARGETED_DEVICE_FAMILY = "1,2";
				TEST_HOST = "$(BUILT_PRODUCTS_DIR)/UIViewController使用.app/UIViewController使用";
			};
			name = Debug;
		};
		2823B3531FB6AE47009E9488 /* Release */ = {
			isa = XCBuildConfiguration;
			buildSettings = {
				BUNDLE_LOADER = "$(TEST_HOST)";
				CODE_SIGN_STYLE = Automatic;
				DEVELOPMENT_TEAM = 89FKMN349J;
				INFOPLIST_FILE = "UIViewController使用Tests/Info.plist";
				LD_RUNPATH_SEARCH_PATHS = "$(inherited) @executable_path/Frameworks @loader_path/Frameworks";
				PRODUCT_BUNDLE_IDENTIFIER = "whz.UIViewController--Tests";
				PRODUCT_NAME = "$(TARGET_NAME)";
				TARGETED_DEVICE_FAMILY = "1,2";
				TEST_HOST = "$(BUILT_PRODUCTS_DIR)/UIViewController使用.app/UIViewController使用";
			};
			name = Release;
		};
		2823B3551FB6AE47009E9488 /* Debug */ = {
			isa = XCBuildConfiguration;
			buildSettings = {
				CODE_SIGN_STYLE = Automatic;
				DEVELOPMENT_TEAM = 89FKMN349J;
				INFOPLIST_FILE = "UIViewController使用UITests/Info.plist";
				LD_RUNPATH_SEARCH_PATHS = "$(inherited) @executable_path/Frameworks @loader_path/Frameworks";
				PRODUCT_BUNDLE_IDENTIFIER = "whz.UIViewController--UITests";
				PRODUCT_NAME = "$(TARGET_NAME)";
				TARGETED_DEVICE_FAMILY = "1,2";
				TEST_TARGET_NAME = "UIViewController使用";
			};
			name = Debug;
		};
		2823B3561FB6AE47009E9488 /* Release */ = {
			isa = XCBuildConfiguration;
			buildSettings = {
				CODE_SIGN_STYLE = Automatic;
				DEVELOPMENT_TEAM = 89FKMN349J;
				INFOPLIST_FILE = "UIViewController使用UITests/Info.plist";
				LD_RUNPATH_SEARCH_PATHS = "$(inherited) @executable_path/Frameworks @loader_path/Frameworks";
				PRODUCT_BUNDLE_IDENTIFIER = "whz.UIViewController--UITests";
				PRODUCT_NAME = "$(TARGET_NAME)";
				TARGETED_DEVICE_FAMILY = "1,2";
				TEST_TARGET_NAME = "UIViewController使用";
			};
			name = Release;
		};
/* End XCBuildConfiguration section */

/* Begin XCConfigurationList section */
		2823B31D1FB6AE47009E9488 /* Build configuration list for PBXProject "UIViewController使用" */ = {
			isa = XCConfigurationList;
			buildConfigurations = (
				2823B34C1FB6AE47009E9488 /* Debug */,
				2823B34D1FB6AE47009E9488 /* Release */,
			);
			defaultConfigurationIsVisible = 0;
			defaultConfigurationName = Release;
		};
		2823B34E1FB6AE47009E9488 /* Build configuration list for PBXNativeTarget "UIViewController使用" */ = {
			isa = XCConfigurationList;
			buildConfigurations = (
				2823B34F1FB6AE47009E9488 /* Debug */,
				2823B3501FB6AE47009E9488 /* Release */,
			);
			defaultConfigurationIsVisible = 0;
			defaultConfigurationName = Release;
		};
		2823B3511FB6AE47009E9488 /* Build configuration list for PBXNativeTarget "UIViewController使用Tests" */ = {
			isa = XCConfigurationList;
			buildConfigurations = (
				2823B3521FB6AE47009E9488 /* Debug */,
				2823B3531FB6AE47009E9488 /* Release */,
			);
			defaultConfigurationIsVisible = 0;
			defaultConfigurationName = Release;
		};
		2823B3541FB6AE47009E9488 /* Build configuration list for PBXNativeTarget "UIViewController使用UITests" */ = {
			isa = XCConfigurationList;
			buildConfigurations = (
				2823B3551FB6AE47009E9488 /* Debug */,
				2823B3561FB6AE47009E9488 /* Release */,
			);
			defaultConfigurationIsVisible = 0;
			defaultConfigurationName = Release;
		};
/* End XCConfigurationList section */
	};
	rootObject = 2823B31A1FB6AE47009E9488 /* Project object */;
}
